// !$*UTF8*$!
{
	archiveVersion = 1;
	classes = {
	};
	objectVersion = 46;
	objects = {

/* Begin PBXBuildFile section */
		9E0E09A51D85A6740015D6A9 /* AlarmSelectionViewControllerTest.m in Sources */ = {isa = PBXBuildFile; fileRef = 9E0E09A41D85A6740015D6A9 /* AlarmSelectionViewControllerTest.m */; };
		9E0E09A71D85A6910015D6A9 /* MainViewControllerTest.m in Sources */ = {isa = PBXBuildFile; fileRef = 9E0E09A61D85A6910015D6A9 /* MainViewControllerTest.m */; };
		9E0E09A91D85A6AA0015D6A9 /* SoundSelectionViewControllerTest.m in Sources */ = {isa = PBXBuildFile; fileRef = 9E0E09A81D85A6AA0015D6A9 /* SoundSelectionViewControllerTest.m */; };
		9E0E09AB1D85A6C50015D6A9 /* RadioStationSelectionViewController.m in Sources */ = {isa = PBXBuildFile; fileRef = 9E0E09AA1D85A6C50015D6A9 /* RadioStationSelectionViewController.m */; };
		9E118E621D6E0DEB002C50F8 /* StationTuneinDetailsTest.m in Sources */ = {isa = PBXBuildFile; fileRef = 9E118E611D6E0DEB002C50F8 /* StationTuneinDetailsTest.m */; };
		9E118E641D6E17C0002C50F8 /* SoundTest.m in Sources */ = {isa = PBXBuildFile; fileRef = 9E118E631D6E17C0002C50F8 /* SoundTest.m */; };
		9E118E661D6E1B97002C50F8 /* Rooster.mp3 in Resources */ = {isa = PBXBuildFile; fileRef = 9E118E651D6E1B97002C50F8 /* Rooster.mp3 */; };
		9E188DFE1DD3AD650037FA02 /* StationList_get.tail in Resources */ = {isa = PBXBuildFile; fileRef = 9E6204361DD1180200736628 /* StationList_get.tail */; };
		9E188E011DD3B36C0037FA02 /* ApiClientURLSessionConfiguration.m in Sources */ = {isa = PBXBuildFile; fileRef = 9E188E001DD3B36C0037FA02 /* ApiClientURLSessionConfiguration.m */; };
		9E188E021DD3B36C0037FA02 /* ApiClientURLSessionConfiguration.m in Sources */ = {isa = PBXBuildFile; fileRef = 9E188E001DD3B36C0037FA02 /* ApiClientURLSessionConfiguration.m */; };
		9E188E031DD3BB4B0037FA02 /* MocktailURLProtocol.m in Sources */ = {isa = PBXBuildFile; fileRef = 9E6204301DD1167C00736628 /* MocktailURLProtocol.m */; };
		9E188E041DD3BB500037FA02 /* MocktailResponse.m in Sources */ = {isa = PBXBuildFile; fileRef = 9E62042E1DD1167C00736628 /* MocktailResponse.m */; };
		9E188E051DD3BB530037FA02 /* Mocktail.m in Sources */ = {isa = PBXBuildFile; fileRef = 9E62042C1DD1167C00736628 /* Mocktail.m */; };
		9E240FB61D6DEE6300A645D6 /* AVFoundation.framework in Frameworks */ = {isa = PBXBuildFile; fileRef = 9E240FB41D6DEE6300A645D6 /* AVFoundation.framework */; };
		9E240FB71D6DEE6300A645D6 /* AVKit.framework in Frameworks */ = {isa = PBXBuildFile; fileRef = 9E240FB51D6DEE6300A645D6 /* AVKit.framework */; };
		9E240FBE1D6DFB3500A645D6 /* StationTest.m in Sources */ = {isa = PBXBuildFile; fileRef = 9E240FBD1D6DFB3500A645D6 /* StationTest.m */; };
		9E52009B1D6B7020007A7A57 /* NSDate+Utility.m in Sources */ = {isa = PBXBuildFile; fileRef = 9E52009A1D6B7020007A7A57 /* NSDate+Utility.m */; };
		9E5200A01D6B7C94007A7A57 /* SoundSelectionViewController.m in Sources */ = {isa = PBXBuildFile; fileRef = 9E52009E1D6B7C94007A7A57 /* SoundSelectionViewController.m */; };
		9E5200A11D6B7C94007A7A57 /* SoundSelectionViewController.xib in Resources */ = {isa = PBXBuildFile; fileRef = 9E52009F1D6B7C94007A7A57 /* SoundSelectionViewController.xib */; };
		9E5200A51D6B8650007A7A57 /* SoundSelectionCell.m in Sources */ = {isa = PBXBuildFile; fileRef = 9E5200A31D6B8650007A7A57 /* SoundSelectionCell.m */; };
		9E5200A61D6B8650007A7A57 /* SoundSelectionCell.xib in Resources */ = {isa = PBXBuildFile; fileRef = 9E5200A41D6B8650007A7A57 /* SoundSelectionCell.xib */; };
		9E5E7CC01D27CDF60001ACD4 /* TuneinProvider.m in Sources */ = {isa = PBXBuildFile; fileRef = 9E5E7CBF1D27CDF60001ACD4 /* TuneinProvider.m */; };
		9E5E7CC31D27CF1B0001ACD4 /* StationTuneinDetails.m in Sources */ = {isa = PBXBuildFile; fileRef = 9E5E7CC21D27CF1B0001ACD4 /* StationTuneinDetails.m */; };
		9E6204311DD1167C00736628 /* Mocktail.m in Sources */ = {isa = PBXBuildFile; fileRef = 9E62042C1DD1167C00736628 /* Mocktail.m */; };
		9E6204321DD1167C00736628 /* MocktailResponse.m in Sources */ = {isa = PBXBuildFile; fileRef = 9E62042E1DD1167C00736628 /* MocktailResponse.m */; };
		9E6204331DD1167C00736628 /* MocktailURLProtocol.m in Sources */ = {isa = PBXBuildFile; fileRef = 9E6204301DD1167C00736628 /* MocktailURLProtocol.m */; };
		9E6204371DD1180200736628 /* StationList_get.tail in Resources */ = {isa = PBXBuildFile; fileRef = 9E6204361DD1180200736628 /* StationList_get.tail */; };
		9E650B8E1D15B800002AD3F1 /* Configuration.m in Sources */ = {isa = PBXBuildFile; fileRef = 9E650B8D1D15B800002AD3F1 /* Configuration.m */; };
		9E650B971D15BE8E002AD3F1 /* RadioStationSelectionViewController.m in Sources */ = {isa = PBXBuildFile; fileRef = 9E650B951D15BE8E002AD3F1 /* RadioStationSelectionViewController.m */; };
		9E650B981D15BE8E002AD3F1 /* RadioStationSelectionViewController.xib in Resources */ = {isa = PBXBuildFile; fileRef = 9E650B961D15BE8E002AD3F1 /* RadioStationSelectionViewController.xib */; };
		9E7D817D1D23ECCD0040BDB5 /* Station.m in Sources */ = {isa = PBXBuildFile; fileRef = 9E7D817C1D23ECCD0040BDB5 /* Station.m */; };
		9E7D81801D23ECFB0040BDB5 /* StationProvider.m in Sources */ = {isa = PBXBuildFile; fileRef = 9E7D817F1D23ECFB0040BDB5 /* StationProvider.m */; };
		9E7D81841D23F5C20040BDB5 /* ApiClient.m in Sources */ = {isa = PBXBuildFile; fileRef = 9E7D81831D23F5C20040BDB5 /* ApiClient.m */; };
		9E8AD5601D282B4E00B171EF /* AlarmSelectionViewController.m in Sources */ = {isa = PBXBuildFile; fileRef = 9E8AD55E1D282B4E00B171EF /* AlarmSelectionViewController.m */; };
		9E8AD5611D282B4E00B171EF /* AlarmSelectionViewController.xib in Resources */ = {isa = PBXBuildFile; fileRef = 9E8AD55F1D282B4E00B171EF /* AlarmSelectionViewController.xib */; };
		9EDA45C01D6CEE7F00C79D4D /* UFO Descending And Takeoff.mp3 in Resources */ = {isa = PBXBuildFile; fileRef = 9EDA45AF1D6CEE7F00C79D4D /* UFO Descending And Takeoff.mp3 */; };
		9EDA45C11D6CEE7F00C79D4D /* Police Siren.mp3 in Resources */ = {isa = PBXBuildFile; fileRef = 9EDA45B01D6CEE7F00C79D4D /* Police Siren.mp3 */; };
		9EDA45C21D6CEE7F00C79D4D /* Railroad Crossing Bell.mp3 in Resources */ = {isa = PBXBuildFile; fileRef = 9EDA45B11D6CEE7F00C79D4D /* Railroad Crossing Bell.mp3 */; };
		9EDA45C31D6CEE7F00C79D4D /* Tornado Siren.mp3 in Resources */ = {isa = PBXBuildFile; fileRef = 9EDA45B21D6CEE7F00C79D4D /* Tornado Siren.mp3 */; };
		9EDA45C41D6CEE7F00C79D4D /* UFO Descending.mp3 in Resources */ = {isa = PBXBuildFile; fileRef = 9EDA45B31D6CEE7F00C79D4D /* UFO Descending.mp3 */; };
		9EDA45C51D6CEE7F00C79D4D /* UFO Takeoff.mp3 in Resources */ = {isa = PBXBuildFile; fileRef = 9EDA45B41D6CEE7F00C79D4D /* UFO Takeoff.mp3 */; };
		9EDA45C61D6CEE7F00C79D4D /* Pour Glass Water.mp3 in Resources */ = {isa = PBXBuildFile; fileRef = 9EDA45B51D6CEE7F00C79D4D /* Pour Glass Water.mp3 */; };
		9EDA45C71D6CEE7F00C79D4D /* Gibbon Monkey.mp3 in Resources */ = {isa = PBXBuildFile; fileRef = 9EDA45B61D6CEE7F00C79D4D /* Gibbon Monkey.mp3 */; };
		9EDA45C81D6CEE7F00C79D4D /* Siren.mp3 in Resources */ = {isa = PBXBuildFile; fileRef = 9EDA45B71D6CEE7F00C79D4D /* Siren.mp3 */; };
		9EDA45C91D6CEE7F00C79D4D /* Ship Brass Bell.mp3 in Resources */ = {isa = PBXBuildFile; fileRef = 9EDA45B81D6CEE7F00C79D4D /* Ship Brass Bell.mp3 */; };
		9EDA45CA1D6CEE7F00C79D4D /* Plectron Tones.mp3 in Resources */ = {isa = PBXBuildFile; fileRef = 9EDA45B91D6CEE7F00C79D4D /* Plectron Tones.mp3 */; };
		9EDA45CB1D6CEE7F00C79D4D /* Sonar Ping.mp3 in Resources */ = {isa = PBXBuildFile; fileRef = 9EDA45BA1D6CEE7F00C79D4D /* Sonar Ping.mp3 */; };
		9EDA45CC1D6CEE7F00C79D4D /* Rooster.mp3 in Resources */ = {isa = PBXBuildFile; fileRef = 9EDA45BB1D6CEE7F00C79D4D /* Rooster.mp3 */; };
		9EDA45CD1D6CEE7F00C79D4D /* Glass Ping.mp3 in Resources */ = {isa = PBXBuildFile; fileRef = 9EDA45BC1D6CEE7F00C79D4D /* Glass Ping.mp3 */; };
		9EDA45CE1D6CEE7F00C79D4D /* Zombie Brain Eater.mp3 in Resources */ = {isa = PBXBuildFile; fileRef = 9EDA45BD1D6CEE7F00C79D4D /* Zombie Brain Eater.mp3 */; };
		9EDA45CF1D6CEE7F00C79D4D /* Computer Magic.mp3 in Resources */ = {isa = PBXBuildFile; fileRef = 9EDA45BE1D6CEE7F00C79D4D /* Computer Magic.mp3 */; };
		9EDA45D01D6CEE7F00C79D4D /* Rooster Crow.mp3 in Resources */ = {isa = PBXBuildFile; fileRef = 9EDA45BF1D6CEE7F00C79D4D /* Rooster Crow.mp3 */; };
		9EDA45D31D6CF06F00C79D4D /* Sound.m in Sources */ = {isa = PBXBuildFile; fileRef = 9EDA45D21D6CF06F00C79D4D /* Sound.m */; };
		9EEE32F71D9816660023ABF6 /* SoundSelectionCellTest.m in Sources */ = {isa = PBXBuildFile; fileRef = 9EEE32F61D9816660023ABF6 /* SoundSelectionCellTest.m */; };
		9FFE420273F3C67A00B80872 /* libPods-ClockRadioKIFUITests.a in Frameworks */ = {isa = PBXBuildFile; fileRef = 8C7652FA37CAA276904843E6 /* libPods-ClockRadioKIFUITests.a */; };
		BFB979F3B6FA553779E8C37C /* libPods-ClockRadioTests.a in Frameworks */ = {isa = PBXBuildFile; fileRef = B6DABE0BCC9FE15DC02D607B /* libPods-ClockRadioTests.a */; };
		E80E2D6C1D9425B600DE085F /* OCMConstraint+Extensions.m in Sources */ = {isa = PBXBuildFile; fileRef = E80E2D671D9425B600DE085F /* OCMConstraint+Extensions.m */; };
		E80E2D6D1D9425B600DE085F /* OCMKindOfClassConstraint.m in Sources */ = {isa = PBXBuildFile; fileRef = E80E2D691D9425B600DE085F /* OCMKindOfClassConstraint.m */; };
		E80E2D6E1D9425B600DE085F /* OCMNavigationControllerWithRootViewControllerConstraint.m in Sources */ = {isa = PBXBuildFile; fileRef = E80E2D6B1D9425B600DE085F /* OCMNavigationControllerWithRootViewControllerConstraint.m */; };
		E814325F1DD477B8001DAC20 /* UIScrollView+AccessibilityLabelExtension.m in Sources */ = {isa = PBXBuildFile; fileRef = E814325E1DD477B8001DAC20 /* UIScrollView+AccessibilityLabelExtension.m */; };
		E8341A941DC244F7009EA84B /* RadioStationSelectionViewControllerUITest.m in Sources */ = {isa = PBXBuildFile; fileRef = E8341A911DC24200009EA84B /* RadioStationSelectionViewControllerUITest.m */; };
		E86C23F11DC0EC1900E012C0 /* libKIF.a in Frameworks */ = {isa = PBXBuildFile; fileRef = E86C23F01DC0EC1900E012C0 /* libKIF.a */; };
		E86C23F31DC0EC2D00E012C0 /* CoreGraphics.framework in Frameworks */ = {isa = PBXBuildFile; fileRef = E86C23F21DC0EC2D00E012C0 /* CoreGraphics.framework */; };
		E86C23F51DC0EC3600E012C0 /* QuartzCore.framework in Frameworks */ = {isa = PBXBuildFile; fileRef = E86C23F41DC0EC3600E012C0 /* QuartzCore.framework */; };
		E86C23FB1DC0ED9800E012C0 /* KIFTestActor+ClockRadio.m in Sources */ = {isa = PBXBuildFile; fileRef = E86C23F81DC0ED9800E012C0 /* KIFTestActor+ClockRadio.m */; };
		E86C23FC1DC0ED9800E012C0 /* MockedConfiguration.m in Sources */ = {isa = PBXBuildFile; fileRef = E86C23FA1DC0ED9800E012C0 /* MockedConfiguration.m */; };
		E86C23FE1DC0EDA200E012C0 /* MainViewControllerUITest.m in Sources */ = {isa = PBXBuildFile; fileRef = E86C23FD1DC0EDA200E012C0 /* MainViewControllerUITest.m */; };
		E86C24001DC0EF5000E012C0 /* libOCMock.a in Frameworks */ = {isa = PBXBuildFile; fileRef = E86C23FF1DC0EF5000E012C0 /* libOCMock.a */; };
		E86E9C7B1DD4A1C100963FB1 /* TuneinId_166835_get.tail in Resources */ = {isa = PBXBuildFile; fileRef = E86E9C7A1DD4A1C100963FB1 /* TuneinId_166835_get.tail */; };
		E86E9C7C1DD4A28A00963FB1 /* TuneinId_166835_get.tail in Resources */ = {isa = PBXBuildFile; fileRef = E86E9C7A1DD4A1C100963FB1 /* TuneinId_166835_get.tail */; };
		E86E9C7F1DD4A9D200963FB1 /* AlarmSelectionViewControllerUITest.m in Sources */ = {isa = PBXBuildFile; fileRef = E86E9C7D1DD4A9D200963FB1 /* AlarmSelectionViewControllerUITest.m */; };
		E8BAC1731D7F0AC400BD66F1 /* NavigationHelper.m in Sources */ = {isa = PBXBuildFile; fileRef = E8BAC1701D7F0AC400BD66F1 /* NavigationHelper.m */; };
		E8BAC1741D7F0AC400BD66F1 /* NotificationHandler.m in Sources */ = {isa = PBXBuildFile; fileRef = E8BAC1721D7F0AC400BD66F1 /* NotificationHandler.m */; };
		E8BAC1761D7F0D3E00BD66F1 /* StationProviderTest.m in Sources */ = {isa = PBXBuildFile; fileRef = E8BAC1751D7F0D3E00BD66F1 /* StationProviderTest.m */; };
		E8BAC1781D7F0E1800BD66F1 /* TuneinProviderTest.m in Sources */ = {isa = PBXBuildFile; fileRef = E8BAC1771D7F0E1800BD66F1 /* TuneinProviderTest.m */; };
		E8D978D81D12E58100B9D459 /* main.m in Sources */ = {isa = PBXBuildFile; fileRef = E8D978D71D12E58100B9D459 /* main.m */; };
		E8D978DB1D12E58100B9D459 /* AppDelegate.m in Sources */ = {isa = PBXBuildFile; fileRef = E8D978DA1D12E58100B9D459 /* AppDelegate.m */; };
		E8D978DE1D12E58100B9D459 /* MainViewController.m in Sources */ = {isa = PBXBuildFile; fileRef = E8D978DD1D12E58100B9D459 /* MainViewController.m */; };
		E8D978E11D12E58100B9D459 /* Main.storyboard in Resources */ = {isa = PBXBuildFile; fileRef = E8D978DF1D12E58100B9D459 /* Main.storyboard */; };
		E8D978E31D12E58100B9D459 /* Assets.xcassets in Resources */ = {isa = PBXBuildFile; fileRef = E8D978E21D12E58100B9D459 /* Assets.xcassets */; };
		E8D978E61D12E58100B9D459 /* LaunchScreen.storyboard in Resources */ = {isa = PBXBuildFile; fileRef = E8D978E41D12E58100B9D459 /* LaunchScreen.storyboard */; };
		E8D9790C1D12F24000B9D459 /* AudioPlayerView.m in Sources */ = {isa = PBXBuildFile; fileRef = E8D9790B1D12F24000B9D459 /* AudioPlayerView.m */; };
		EAC213EC49190E565884046D /* libPods-ClockRadio.a in Frameworks */ = {isa = PBXBuildFile; fileRef = C3E39C6BDE9C970F548C689A /* libPods-ClockRadio.a */; };
/* End PBXBuildFile section */

/* Begin PBXContainerItemProxy section */
		E86C23EB1DC0EBD500E012C0 /* PBXContainerItemProxy */ = {
			isa = PBXContainerItemProxy;
			containerPortal = E8D978CB1D12E58100B9D459 /* Project object */;
			proxyType = 1;
			remoteGlobalIDString = E8D978D21D12E58100B9D459;
			remoteInfo = ClockRadio;
		};
		E8D978ED1D12E58100B9D459 /* PBXContainerItemProxy */ = {
			isa = PBXContainerItemProxy;
			containerPortal = E8D978CB1D12E58100B9D459 /* Project object */;
			proxyType = 1;
			remoteGlobalIDString = E8D978D21D12E58100B9D459;
			remoteInfo = ClockRadio;
		};
/* End PBXContainerItemProxy section */

/* Begin PBXFileReference section */
		2AD197215D7600ED49322873 /* Pods-ClockRadioKIFFUITests.release.xcconfig */ = {isa = PBXFileReference; includeInIndex = 1; lastKnownFileType = text.xcconfig; name = "Pods-ClockRadioKIFFUITests.release.xcconfig"; path = "../Pods/Target Support Files/Pods-ClockRadioKIFFUITests/Pods-ClockRadioKIFFUITests.release.xcconfig"; sourceTree = "<group>"; };
		583E586C1114A54F1D1DCA7B /* Pods-ClockRadioUITests.release.xcconfig */ = {isa = PBXFileReference; includeInIndex = 1; lastKnownFileType = text.xcconfig; name = "Pods-ClockRadioUITests.release.xcconfig"; path = "../Pods/Target Support Files/Pods-ClockRadioUITests/Pods-ClockRadioUITests.release.xcconfig"; sourceTree = "<group>"; };
		5F7D25D2462C5FBCB73A030B /* Pods-ClockRadioKIFUITests.debug.xcconfig */ = {isa = PBXFileReference; includeInIndex = 1; lastKnownFileType = text.xcconfig; name = "Pods-ClockRadioKIFUITests.debug.xcconfig"; path = "../Pods/Target Support Files/Pods-ClockRadioKIFUITests/Pods-ClockRadioKIFUITests.debug.xcconfig"; sourceTree = "<group>"; };
		6A3FC4E5B18F942138674E9C /* libPods-ClockRadioUITests.a */ = {isa = PBXFileReference; explicitFileType = archive.ar; includeInIndex = 0; path = "libPods-ClockRadioUITests.a"; sourceTree = BUILT_PRODUCTS_DIR; };
		8C7652FA37CAA276904843E6 /* libPods-ClockRadioKIFUITests.a */ = {isa = PBXFileReference; explicitFileType = archive.ar; includeInIndex = 0; path = "libPods-ClockRadioKIFUITests.a"; sourceTree = BUILT_PRODUCTS_DIR; };
		9E0E09A41D85A6740015D6A9 /* AlarmSelectionViewControllerTest.m */ = {isa = PBXFileReference; fileEncoding = 4; lastKnownFileType = sourcecode.c.objc; path = AlarmSelectionViewControllerTest.m; sourceTree = "<group>"; };
		9E0E09A61D85A6910015D6A9 /* MainViewControllerTest.m */ = {isa = PBXFileReference; fileEncoding = 4; lastKnownFileType = sourcecode.c.objc; lineEnding = 0; path = MainViewControllerTest.m; sourceTree = "<group>"; xcLanguageSpecificationIdentifier = xcode.lang.objc; };
		9E0E09A81D85A6AA0015D6A9 /* SoundSelectionViewControllerTest.m */ = {isa = PBXFileReference; fileEncoding = 4; lastKnownFileType = sourcecode.c.objc; path = SoundSelectionViewControllerTest.m; sourceTree = "<group>"; };
		9E0E09AA1D85A6C50015D6A9 /* RadioStationSelectionViewController.m */ = {isa = PBXFileReference; fileEncoding = 4; lastKnownFileType = sourcecode.c.objc; lineEnding = 0; path = RadioStationSelectionViewController.m; sourceTree = "<group>"; xcLanguageSpecificationIdentifier = xcode.lang.objc; };
		9E118E611D6E0DEB002C50F8 /* StationTuneinDetailsTest.m */ = {isa = PBXFileReference; fileEncoding = 4; lastKnownFileType = sourcecode.c.objc; path = StationTuneinDetailsTest.m; sourceTree = "<group>"; };
		9E118E631D6E17C0002C50F8 /* SoundTest.m */ = {isa = PBXFileReference; fileEncoding = 4; lastKnownFileType = sourcecode.c.objc; path = SoundTest.m; sourceTree = "<group>"; };
		9E118E651D6E1B97002C50F8 /* Rooster.mp3 */ = {isa = PBXFileReference; lastKnownFileType = audio.mp3; path = Rooster.mp3; sourceTree = "<group>"; };
		9E188DFF1DD3B36C0037FA02 /* ApiClientURLSessionConfiguration.h */ = {isa = PBXFileReference; fileEncoding = 4; lastKnownFileType = sourcecode.c.h; path = ApiClientURLSessionConfiguration.h; sourceTree = "<group>"; };
		9E188E001DD3B36C0037FA02 /* ApiClientURLSessionConfiguration.m */ = {isa = PBXFileReference; fileEncoding = 4; lastKnownFileType = sourcecode.c.objc; path = ApiClientURLSessionConfiguration.m; sourceTree = "<group>"; };
		9E240FB41D6DEE6300A645D6 /* AVFoundation.framework */ = {isa = PBXFileReference; lastKnownFileType = wrapper.framework; name = AVFoundation.framework; path = System/Library/Frameworks/AVFoundation.framework; sourceTree = SDKROOT; };
		9E240FB51D6DEE6300A645D6 /* AVKit.framework */ = {isa = PBXFileReference; lastKnownFileType = wrapper.framework; name = AVKit.framework; path = System/Library/Frameworks/AVKit.framework; sourceTree = SDKROOT; };
		9E240FBD1D6DFB3500A645D6 /* StationTest.m */ = {isa = PBXFileReference; fileEncoding = 4; lastKnownFileType = sourcecode.c.objc; path = StationTest.m; sourceTree = "<group>"; };
		9E5200991D6B7020007A7A57 /* NSDate+Utility.h */ = {isa = PBXFileReference; fileEncoding = 4; lastKnownFileType = sourcecode.c.h; path = "NSDate+Utility.h"; sourceTree = "<group>"; };
		9E52009A1D6B7020007A7A57 /* NSDate+Utility.m */ = {isa = PBXFileReference; fileEncoding = 4; lastKnownFileType = sourcecode.c.objc; path = "NSDate+Utility.m"; sourceTree = "<group>"; };
		9E52009D1D6B7C94007A7A57 /* SoundSelectionViewController.h */ = {isa = PBXFileReference; fileEncoding = 4; lastKnownFileType = sourcecode.c.h; path = SoundSelectionViewController.h; sourceTree = "<group>"; };
		9E52009E1D6B7C94007A7A57 /* SoundSelectionViewController.m */ = {isa = PBXFileReference; fileEncoding = 4; lastKnownFileType = sourcecode.c.objc; path = SoundSelectionViewController.m; sourceTree = "<group>"; };
		9E52009F1D6B7C94007A7A57 /* SoundSelectionViewController.xib */ = {isa = PBXFileReference; fileEncoding = 4; lastKnownFileType = file.xib; path = SoundSelectionViewController.xib; sourceTree = "<group>"; };
		9E5200A21D6B8650007A7A57 /* SoundSelectionCell.h */ = {isa = PBXFileReference; fileEncoding = 4; lastKnownFileType = sourcecode.c.h; path = SoundSelectionCell.h; sourceTree = "<group>"; };
		9E5200A31D6B8650007A7A57 /* SoundSelectionCell.m */ = {isa = PBXFileReference; fileEncoding = 4; lastKnownFileType = sourcecode.c.objc; path = SoundSelectionCell.m; sourceTree = "<group>"; };
		9E5200A41D6B8650007A7A57 /* SoundSelectionCell.xib */ = {isa = PBXFileReference; fileEncoding = 4; lastKnownFileType = file.xib; path = SoundSelectionCell.xib; sourceTree = "<group>"; };
		9E5E7CBE1D27CDF60001ACD4 /* TuneinProvider.h */ = {isa = PBXFileReference; fileEncoding = 4; lastKnownFileType = sourcecode.c.h; path = TuneinProvider.h; sourceTree = "<group>"; };
		9E5E7CBF1D27CDF60001ACD4 /* TuneinProvider.m */ = {isa = PBXFileReference; fileEncoding = 4; lastKnownFileType = sourcecode.c.objc; path = TuneinProvider.m; sourceTree = "<group>"; };
		9E5E7CC11D27CF1B0001ACD4 /* StationTuneinDetails.h */ = {isa = PBXFileReference; fileEncoding = 4; lastKnownFileType = sourcecode.c.h; path = StationTuneinDetails.h; sourceTree = "<group>"; };
		9E5E7CC21D27CF1B0001ACD4 /* StationTuneinDetails.m */ = {isa = PBXFileReference; fileEncoding = 4; lastKnownFileType = sourcecode.c.objc; path = StationTuneinDetails.m; sourceTree = "<group>"; };
		9E62042A1DD1167C00736628 /* Mocktail_Private.h */ = {isa = PBXFileReference; fileEncoding = 4; lastKnownFileType = sourcecode.c.h; path = Mocktail_Private.h; sourceTree = "<group>"; };
		9E62042B1DD1167C00736628 /* Mocktail.h */ = {isa = PBXFileReference; fileEncoding = 4; lastKnownFileType = sourcecode.c.h; path = Mocktail.h; sourceTree = "<group>"; };
		9E62042C1DD1167C00736628 /* Mocktail.m */ = {isa = PBXFileReference; fileEncoding = 4; lastKnownFileType = sourcecode.c.objc; path = Mocktail.m; sourceTree = "<group>"; };
		9E62042D1DD1167C00736628 /* MocktailResponse.h */ = {isa = PBXFileReference; fileEncoding = 4; lastKnownFileType = sourcecode.c.h; path = MocktailResponse.h; sourceTree = "<group>"; };
		9E62042E1DD1167C00736628 /* MocktailResponse.m */ = {isa = PBXFileReference; fileEncoding = 4; lastKnownFileType = sourcecode.c.objc; path = MocktailResponse.m; sourceTree = "<group>"; };
		9E62042F1DD1167C00736628 /* MocktailURLProtocol.h */ = {isa = PBXFileReference; fileEncoding = 4; lastKnownFileType = sourcecode.c.h; path = MocktailURLProtocol.h; sourceTree = "<group>"; };
		9E6204301DD1167C00736628 /* MocktailURLProtocol.m */ = {isa = PBXFileReference; fileEncoding = 4; lastKnownFileType = sourcecode.c.objc; path = MocktailURLProtocol.m; sourceTree = "<group>"; };
		9E6204361DD1180200736628 /* StationList_get.tail */ = {isa = PBXFileReference; fileEncoding = 4; lastKnownFileType = text; path = StationList_get.tail; sourceTree = "<group>"; };
		9E650B8C1D15B800002AD3F1 /* Configuration.h */ = {isa = PBXFileReference; fileEncoding = 4; lastKnownFileType = sourcecode.c.h; path = Configuration.h; sourceTree = "<group>"; };
		9E650B8D1D15B800002AD3F1 /* Configuration.m */ = {isa = PBXFileReference; fileEncoding = 4; lastKnownFileType = sourcecode.c.objc; path = Configuration.m; sourceTree = "<group>"; };
		9E650B941D15BE8E002AD3F1 /* RadioStationSelectionViewController.h */ = {isa = PBXFileReference; fileEncoding = 4; lastKnownFileType = sourcecode.c.h; lineEnding = 0; path = RadioStationSelectionViewController.h; sourceTree = "<group>"; xcLanguageSpecificationIdentifier = xcode.lang.objcpp; };
		9E650B951D15BE8E002AD3F1 /* RadioStationSelectionViewController.m */ = {isa = PBXFileReference; fileEncoding = 4; lastKnownFileType = sourcecode.c.objc; lineEnding = 0; path = RadioStationSelectionViewController.m; sourceTree = "<group>"; xcLanguageSpecificationIdentifier = xcode.lang.objc; };
		9E650B961D15BE8E002AD3F1 /* RadioStationSelectionViewController.xib */ = {isa = PBXFileReference; fileEncoding = 4; lastKnownFileType = file.xib; path = RadioStationSelectionViewController.xib; sourceTree = "<group>"; };
		9E72D6CE1D3EB70B00D7B49C /* EventKit.framework */ = {isa = PBXFileReference; lastKnownFileType = wrapper.framework; name = EventKit.framework; path = System/Library/Frameworks/EventKit.framework; sourceTree = SDKROOT; };
		9E7D817B1D23ECCD0040BDB5 /* Station.h */ = {isa = PBXFileReference; fileEncoding = 4; lastKnownFileType = sourcecode.c.h; path = Station.h; sourceTree = "<group>"; };
		9E7D817C1D23ECCD0040BDB5 /* Station.m */ = {isa = PBXFileReference; fileEncoding = 4; lastKnownFileType = sourcecode.c.objc; path = Station.m; sourceTree = "<group>"; };
		9E7D817E1D23ECFB0040BDB5 /* StationProvider.h */ = {isa = PBXFileReference; fileEncoding = 4; lastKnownFileType = sourcecode.c.h; path = StationProvider.h; sourceTree = "<group>"; };
		9E7D817F1D23ECFB0040BDB5 /* StationProvider.m */ = {isa = PBXFileReference; fileEncoding = 4; lastKnownFileType = sourcecode.c.objc; path = StationProvider.m; sourceTree = "<group>"; };
		9E7D81821D23F5C20040BDB5 /* ApiClient.h */ = {isa = PBXFileReference; fileEncoding = 4; lastKnownFileType = sourcecode.c.h; path = ApiClient.h; sourceTree = "<group>"; };
		9E7D81831D23F5C20040BDB5 /* ApiClient.m */ = {isa = PBXFileReference; fileEncoding = 4; lastKnownFileType = sourcecode.c.objc; path = ApiClient.m; sourceTree = "<group>"; };
		9E8AD55D1D282B4E00B171EF /* AlarmSelectionViewController.h */ = {isa = PBXFileReference; fileEncoding = 4; lastKnownFileType = sourcecode.c.h; path = AlarmSelectionViewController.h; sourceTree = "<group>"; };
		9E8AD55E1D282B4E00B171EF /* AlarmSelectionViewController.m */ = {isa = PBXFileReference; fileEncoding = 4; lastKnownFileType = sourcecode.c.objc; path = AlarmSelectionViewController.m; sourceTree = "<group>"; };
		9E8AD55F1D282B4E00B171EF /* AlarmSelectionViewController.xib */ = {isa = PBXFileReference; fileEncoding = 4; lastKnownFileType = file.xib; path = AlarmSelectionViewController.xib; sourceTree = "<group>"; };
		9EDA45AF1D6CEE7F00C79D4D /* UFO Descending And Takeoff.mp3 */ = {isa = PBXFileReference; lastKnownFileType = audio.mp3; path = "UFO Descending And Takeoff.mp3"; sourceTree = "<group>"; };
		9EDA45B01D6CEE7F00C79D4D /* Police Siren.mp3 */ = {isa = PBXFileReference; lastKnownFileType = audio.mp3; path = "Police Siren.mp3"; sourceTree = "<group>"; };
		9EDA45B11D6CEE7F00C79D4D /* Railroad Crossing Bell.mp3 */ = {isa = PBXFileReference; lastKnownFileType = audio.mp3; path = "Railroad Crossing Bell.mp3"; sourceTree = "<group>"; };
		9EDA45B21D6CEE7F00C79D4D /* Tornado Siren.mp3 */ = {isa = PBXFileReference; lastKnownFileType = audio.mp3; path = "Tornado Siren.mp3"; sourceTree = "<group>"; };
		9EDA45B31D6CEE7F00C79D4D /* UFO Descending.mp3 */ = {isa = PBXFileReference; lastKnownFileType = audio.mp3; path = "UFO Descending.mp3"; sourceTree = "<group>"; };
		9EDA45B41D6CEE7F00C79D4D /* UFO Takeoff.mp3 */ = {isa = PBXFileReference; lastKnownFileType = audio.mp3; path = "UFO Takeoff.mp3"; sourceTree = "<group>"; };
		9EDA45B51D6CEE7F00C79D4D /* Pour Glass Water.mp3 */ = {isa = PBXFileReference; lastKnownFileType = audio.mp3; path = "Pour Glass Water.mp3"; sourceTree = "<group>"; };
		9EDA45B61D6CEE7F00C79D4D /* Gibbon Monkey.mp3 */ = {isa = PBXFileReference; lastKnownFileType = audio.mp3; path = "Gibbon Monkey.mp3"; sourceTree = "<group>"; };
		9EDA45B71D6CEE7F00C79D4D /* Siren.mp3 */ = {isa = PBXFileReference; lastKnownFileType = audio.mp3; path = Siren.mp3; sourceTree = "<group>"; };
		9EDA45B81D6CEE7F00C79D4D /* Ship Brass Bell.mp3 */ = {isa = PBXFileReference; lastKnownFileType = audio.mp3; path = "Ship Brass Bell.mp3"; sourceTree = "<group>"; };
		9EDA45B91D6CEE7F00C79D4D /* Plectron Tones.mp3 */ = {isa = PBXFileReference; lastKnownFileType = audio.mp3; path = "Plectron Tones.mp3"; sourceTree = "<group>"; };
		9EDA45BA1D6CEE7F00C79D4D /* Sonar Ping.mp3 */ = {isa = PBXFileReference; lastKnownFileType = audio.mp3; path = "Sonar Ping.mp3"; sourceTree = "<group>"; };
		9EDA45BB1D6CEE7F00C79D4D /* Rooster.mp3 */ = {isa = PBXFileReference; lastKnownFileType = audio.mp3; path = Rooster.mp3; sourceTree = "<group>"; };
		9EDA45BC1D6CEE7F00C79D4D /* Glass Ping.mp3 */ = {isa = PBXFileReference; lastKnownFileType = audio.mp3; path = "Glass Ping.mp3"; sourceTree = "<group>"; };
		9EDA45BD1D6CEE7F00C79D4D /* Zombie Brain Eater.mp3 */ = {isa = PBXFileReference; lastKnownFileType = audio.mp3; path = "Zombie Brain Eater.mp3"; sourceTree = "<group>"; };
		9EDA45BE1D6CEE7F00C79D4D /* Computer Magic.mp3 */ = {isa = PBXFileReference; lastKnownFileType = audio.mp3; path = "Computer Magic.mp3"; sourceTree = "<group>"; };
		9EDA45BF1D6CEE7F00C79D4D /* Rooster Crow.mp3 */ = {isa = PBXFileReference; lastKnownFileType = audio.mp3; path = "Rooster Crow.mp3"; sourceTree = "<group>"; };
		9EDA45D11D6CF06F00C79D4D /* Sound.h */ = {isa = PBXFileReference; fileEncoding = 4; lastKnownFileType = sourcecode.c.h; path = Sound.h; sourceTree = "<group>"; };
		9EDA45D21D6CF06F00C79D4D /* Sound.m */ = {isa = PBXFileReference; fileEncoding = 4; lastKnownFileType = sourcecode.c.objc; path = Sound.m; sourceTree = "<group>"; };
		9EEE32F61D9816660023ABF6 /* SoundSelectionCellTest.m */ = {isa = PBXFileReference; fileEncoding = 4; lastKnownFileType = sourcecode.c.objc; path = SoundSelectionCellTest.m; sourceTree = "<group>"; };
		AD2CC0D3E9C2B45AA180FA82 /* Pods-ClockRadioKIFFUITests.debug.xcconfig */ = {isa = PBXFileReference; includeInIndex = 1; lastKnownFileType = text.xcconfig; name = "Pods-ClockRadioKIFFUITests.debug.xcconfig"; path = "../Pods/Target Support Files/Pods-ClockRadioKIFFUITests/Pods-ClockRadioKIFFUITests.debug.xcconfig"; sourceTree = "<group>"; };
		B6DABE0BCC9FE15DC02D607B /* libPods-ClockRadioTests.a */ = {isa = PBXFileReference; explicitFileType = archive.ar; includeInIndex = 0; path = "libPods-ClockRadioTests.a"; sourceTree = BUILT_PRODUCTS_DIR; };
		BBD163ED1A7E06F17BC00FEE /* Pods-ClockRadioUITests.debug.xcconfig */ = {isa = PBXFileReference; includeInIndex = 1; lastKnownFileType = text.xcconfig; name = "Pods-ClockRadioUITests.debug.xcconfig"; path = "../Pods/Target Support Files/Pods-ClockRadioUITests/Pods-ClockRadioUITests.debug.xcconfig"; sourceTree = "<group>"; };
		BD4FCE0DFD08C6FB4AA20EE1 /* libPods-ClockRadioKIFFUITests.a */ = {isa = PBXFileReference; explicitFileType = archive.ar; includeInIndex = 0; path = "libPods-ClockRadioKIFFUITests.a"; sourceTree = BUILT_PRODUCTS_DIR; };
		C3E39C6BDE9C970F548C689A /* libPods-ClockRadio.a */ = {isa = PBXFileReference; explicitFileType = archive.ar; includeInIndex = 0; path = "libPods-ClockRadio.a"; sourceTree = BUILT_PRODUCTS_DIR; };
		E80E2D661D9425B600DE085F /* OCMConstraint+Extensions.h */ = {isa = PBXFileReference; fileEncoding = 4; lastKnownFileType = sourcecode.c.h; path = "OCMConstraint+Extensions.h"; sourceTree = "<group>"; };
		E80E2D671D9425B600DE085F /* OCMConstraint+Extensions.m */ = {isa = PBXFileReference; fileEncoding = 4; lastKnownFileType = sourcecode.c.objc; path = "OCMConstraint+Extensions.m"; sourceTree = "<group>"; };
		E80E2D681D9425B600DE085F /* OCMKindOfClassConstraint.h */ = {isa = PBXFileReference; fileEncoding = 4; lastKnownFileType = sourcecode.c.h; path = OCMKindOfClassConstraint.h; sourceTree = "<group>"; };
		E80E2D691D9425B600DE085F /* OCMKindOfClassConstraint.m */ = {isa = PBXFileReference; fileEncoding = 4; lastKnownFileType = sourcecode.c.objc; path = OCMKindOfClassConstraint.m; sourceTree = "<group>"; };
		E80E2D6A1D9425B600DE085F /* OCMNavigationControllerWithRootViewControllerConstraint.h */ = {isa = PBXFileReference; fileEncoding = 4; lastKnownFileType = sourcecode.c.h; path = OCMNavigationControllerWithRootViewControllerConstraint.h; sourceTree = "<group>"; };
		E80E2D6B1D9425B600DE085F /* OCMNavigationControllerWithRootViewControllerConstraint.m */ = {isa = PBXFileReference; fileEncoding = 4; lastKnownFileType = sourcecode.c.objc; path = OCMNavigationControllerWithRootViewControllerConstraint.m; sourceTree = "<group>"; };
		E814325D1DD477B8001DAC20 /* UIScrollView+AccessibilityLabelExtension.h */ = {isa = PBXFileReference; fileEncoding = 4; lastKnownFileType = sourcecode.c.h; path = "UIScrollView+AccessibilityLabelExtension.h"; sourceTree = "<group>"; };
		E814325E1DD477B8001DAC20 /* UIScrollView+AccessibilityLabelExtension.m */ = {isa = PBXFileReference; fileEncoding = 4; lastKnownFileType = sourcecode.c.objc; path = "UIScrollView+AccessibilityLabelExtension.m"; sourceTree = "<group>"; };
		E8341A911DC24200009EA84B /* RadioStationSelectionViewControllerUITest.m */ = {isa = PBXFileReference; fileEncoding = 4; lastKnownFileType = sourcecode.c.objc; path = RadioStationSelectionViewControllerUITest.m; sourceTree = "<group>"; };
		E86C23E61DC0EBD500E012C0 /* ClockRadioKIFUITests.xctest */ = {isa = PBXFileReference; explicitFileType = wrapper.cfbundle; includeInIndex = 0; path = ClockRadioKIFUITests.xctest; sourceTree = BUILT_PRODUCTS_DIR; };
		E86C23EA1DC0EBD500E012C0 /* Info.plist */ = {isa = PBXFileReference; lastKnownFileType = text.plist.xml; path = Info.plist; sourceTree = "<group>"; };
		E86C23F01DC0EC1900E012C0 /* libKIF.a */ = {isa = PBXFileReference; lastKnownFileType = archive.ar; name = libKIF.a; path = "../../../Library/Developer/Xcode/DerivedData/ClockRadio-cxprjcvnhuzbzjgdxqnvyjqbcncq/Build/Products/Debug-iphonesimulator/KIF/libKIF.a"; sourceTree = "<group>"; };
		E86C23F21DC0EC2D00E012C0 /* CoreGraphics.framework */ = {isa = PBXFileReference; lastKnownFileType = wrapper.framework; name = CoreGraphics.framework; path = System/Library/Frameworks/CoreGraphics.framework; sourceTree = SDKROOT; };
		E86C23F41DC0EC3600E012C0 /* QuartzCore.framework */ = {isa = PBXFileReference; lastKnownFileType = wrapper.framework; name = QuartzCore.framework; path = System/Library/Frameworks/QuartzCore.framework; sourceTree = SDKROOT; };
		E86C23F71DC0ED9800E012C0 /* KIFTestActor+ClockRadio.h */ = {isa = PBXFileReference; fileEncoding = 4; lastKnownFileType = sourcecode.c.h; path = "KIFTestActor+ClockRadio.h"; sourceTree = "<group>"; };
		E86C23F81DC0ED9800E012C0 /* KIFTestActor+ClockRadio.m */ = {isa = PBXFileReference; fileEncoding = 4; lastKnownFileType = sourcecode.c.objc; path = "KIFTestActor+ClockRadio.m"; sourceTree = "<group>"; };
		E86C23F91DC0ED9800E012C0 /* MockedConfiguration.h */ = {isa = PBXFileReference; fileEncoding = 4; lastKnownFileType = sourcecode.c.h; path = MockedConfiguration.h; sourceTree = "<group>"; };
		E86C23FA1DC0ED9800E012C0 /* MockedConfiguration.m */ = {isa = PBXFileReference; fileEncoding = 4; lastKnownFileType = sourcecode.c.objc; path = MockedConfiguration.m; sourceTree = "<group>"; };
		E86C23FD1DC0EDA200E012C0 /* MainViewControllerUITest.m */ = {isa = PBXFileReference; fileEncoding = 4; lastKnownFileType = sourcecode.c.objc; path = MainViewControllerUITest.m; sourceTree = "<group>"; };
		E86C23FF1DC0EF5000E012C0 /* libOCMock.a */ = {isa = PBXFileReference; lastKnownFileType = archive.ar; name = libOCMock.a; path = "../../../Library/Developer/Xcode/DerivedData/ClockRadio-cxprjcvnhuzbzjgdxqnvyjqbcncq/Build/Products/Debug-iphonesimulator/OCMock/libOCMock.a"; sourceTree = "<group>"; };
		E86E9C7A1DD4A1C100963FB1 /* TuneinId_166835_get.tail */ = {isa = PBXFileReference; fileEncoding = 4; lastKnownFileType = text; path = TuneinId_166835_get.tail; sourceTree = "<group>"; };
		E86E9C7D1DD4A9D200963FB1 /* AlarmSelectionViewControllerUITest.m */ = {isa = PBXFileReference; fileEncoding = 4; lastKnownFileType = sourcecode.c.objc; path = AlarmSelectionViewControllerUITest.m; sourceTree = "<group>"; };
		E8BAC16F1D7F0AC400BD66F1 /* NavigationHelper.h */ = {isa = PBXFileReference; fileEncoding = 4; lastKnownFileType = sourcecode.c.h; path = NavigationHelper.h; sourceTree = "<group>"; };
		E8BAC1701D7F0AC400BD66F1 /* NavigationHelper.m */ = {isa = PBXFileReference; fileEncoding = 4; lastKnownFileType = sourcecode.c.objc; path = NavigationHelper.m; sourceTree = "<group>"; };
		E8BAC1711D7F0AC400BD66F1 /* NotificationHandler.h */ = {isa = PBXFileReference; fileEncoding = 4; lastKnownFileType = sourcecode.c.h; path = NotificationHandler.h; sourceTree = "<group>"; };
		E8BAC1721D7F0AC400BD66F1 /* NotificationHandler.m */ = {isa = PBXFileReference; fileEncoding = 4; lastKnownFileType = sourcecode.c.objc; path = NotificationHandler.m; sourceTree = "<group>"; };
		E8BAC1751D7F0D3E00BD66F1 /* StationProviderTest.m */ = {isa = PBXFileReference; fileEncoding = 4; lastKnownFileType = sourcecode.c.objc; path = StationProviderTest.m; sourceTree = "<group>"; };
		E8BAC1771D7F0E1800BD66F1 /* TuneinProviderTest.m */ = {isa = PBXFileReference; fileEncoding = 4; lastKnownFileType = sourcecode.c.objc; path = TuneinProviderTest.m; sourceTree = "<group>"; };
		E8D978D31D12E58100B9D459 /* ClockRadio.app */ = {isa = PBXFileReference; explicitFileType = wrapper.application; includeInIndex = 0; path = ClockRadio.app; sourceTree = BUILT_PRODUCTS_DIR; };
		E8D978D71D12E58100B9D459 /* main.m */ = {isa = PBXFileReference; lastKnownFileType = sourcecode.c.objc; path = main.m; sourceTree = "<group>"; };
		E8D978D91D12E58100B9D459 /* AppDelegate.h */ = {isa = PBXFileReference; lastKnownFileType = sourcecode.c.h; path = AppDelegate.h; sourceTree = "<group>"; };
		E8D978DA1D12E58100B9D459 /* AppDelegate.m */ = {isa = PBXFileReference; lastKnownFileType = sourcecode.c.objc; path = AppDelegate.m; sourceTree = "<group>"; };
		E8D978DC1D12E58100B9D459 /* MainViewController.h */ = {isa = PBXFileReference; lastKnownFileType = sourcecode.c.h; path = MainViewController.h; sourceTree = "<group>"; };
		E8D978DD1D12E58100B9D459 /* MainViewController.m */ = {isa = PBXFileReference; lastKnownFileType = sourcecode.c.objc; lineEnding = 0; path = MainViewController.m; sourceTree = "<group>"; xcLanguageSpecificationIdentifier = xcode.lang.objc; };
		E8D978E01D12E58100B9D459 /* Base */ = {isa = PBXFileReference; lastKnownFileType = file.storyboard; name = Base; path = Base.lproj/Main.storyboard; sourceTree = "<group>"; };
		E8D978E21D12E58100B9D459 /* Assets.xcassets */ = {isa = PBXFileReference; lastKnownFileType = folder.assetcatalog; name = Assets.xcassets; path = ClockRadio/Assets.xcassets; sourceTree = "<group>"; };
		E8D978E51D12E58100B9D459 /* Base */ = {isa = PBXFileReference; lastKnownFileType = file.storyboard; name = Base; path = Base.lproj/LaunchScreen.storyboard; sourceTree = "<group>"; };
		E8D978E71D12E58100B9D459 /* Info.plist */ = {isa = PBXFileReference; lastKnownFileType = text.plist.xml; name = Info.plist; path = ClockRadio/Info.plist; sourceTree = "<group>"; };
		E8D978EC1D12E58100B9D459 /* ClockRadioTests.xctest */ = {isa = PBXFileReference; explicitFileType = wrapper.cfbundle; includeInIndex = 0; path = ClockRadioTests.xctest; sourceTree = BUILT_PRODUCTS_DIR; };
		E8D978F21D12E58100B9D459 /* Info.plist */ = {isa = PBXFileReference; lastKnownFileType = text.plist.xml; path = Info.plist; sourceTree = "<group>"; };
		E8D9790A1D12F24000B9D459 /* AudioPlayerView.h */ = {isa = PBXFileReference; fileEncoding = 4; lastKnownFileType = sourcecode.c.h; path = AudioPlayerView.h; sourceTree = "<group>"; };
		E8D9790B1D12F24000B9D459 /* AudioPlayerView.m */ = {isa = PBXFileReference; fileEncoding = 4; lastKnownFileType = sourcecode.c.objc; path = AudioPlayerView.m; sourceTree = "<group>"; };
		EDA963E421F0FBFA0D7BA327 /* Pods-ClockRadioTests.debug.xcconfig */ = {isa = PBXFileReference; includeInIndex = 1; lastKnownFileType = text.xcconfig; name = "Pods-ClockRadioTests.debug.xcconfig"; path = "../Pods/Target Support Files/Pods-ClockRadioTests/Pods-ClockRadioTests.debug.xcconfig"; sourceTree = "<group>"; };
		F07D9C16FB774682437A31D6 /* Pods-ClockRadio.release.xcconfig */ = {isa = PBXFileReference; includeInIndex = 1; lastKnownFileType = text.xcconfig; name = "Pods-ClockRadio.release.xcconfig"; path = "../Pods/Target Support Files/Pods-ClockRadio/Pods-ClockRadio.release.xcconfig"; sourceTree = "<group>"; };
		F43B45B00E48EE764C5E3601 /* Pods-ClockRadioTests.release.xcconfig */ = {isa = PBXFileReference; includeInIndex = 1; lastKnownFileType = text.xcconfig; name = "Pods-ClockRadioTests.release.xcconfig"; path = "../Pods/Target Support Files/Pods-ClockRadioTests/Pods-ClockRadioTests.release.xcconfig"; sourceTree = "<group>"; };
		FAF6B2B34E39A36C9E21970F /* Pods-ClockRadioKIFUITests.release.xcconfig */ = {isa = PBXFileReference; includeInIndex = 1; lastKnownFileType = text.xcconfig; name = "Pods-ClockRadioKIFUITests.release.xcconfig"; path = "../Pods/Target Support Files/Pods-ClockRadioKIFUITests/Pods-ClockRadioKIFUITests.release.xcconfig"; sourceTree = "<group>"; };
		FF12F337E5F0F3D6E1DFEFE5 /* Pods-ClockRadio.debug.xcconfig */ = {isa = PBXFileReference; includeInIndex = 1; lastKnownFileType = text.xcconfig; name = "Pods-ClockRadio.debug.xcconfig"; path = "../Pods/Target Support Files/Pods-ClockRadio/Pods-ClockRadio.debug.xcconfig"; sourceTree = "<group>"; };
/* End PBXFileReference section */

/* Begin PBXFrameworksBuildPhase section */
		E86C23E31DC0EBD500E012C0 /* Frameworks */ = {
			isa = PBXFrameworksBuildPhase;
			buildActionMask = 2147483647;
			files = (
				E86C24001DC0EF5000E012C0 /* libOCMock.a in Frameworks */,
				E86C23F51DC0EC3600E012C0 /* QuartzCore.framework in Frameworks */,
				E86C23F31DC0EC2D00E012C0 /* CoreGraphics.framework in Frameworks */,
				E86C23F11DC0EC1900E012C0 /* libKIF.a in Frameworks */,
				9FFE420273F3C67A00B80872 /* libPods-ClockRadioKIFUITests.a in Frameworks */,
			);
			runOnlyForDeploymentPostprocessing = 0;
		};
		E8D978D01D12E58100B9D459 /* Frameworks */ = {
			isa = PBXFrameworksBuildPhase;
			buildActionMask = 2147483647;
			files = (
				9E240FB61D6DEE6300A645D6 /* AVFoundation.framework in Frameworks */,
				9E240FB71D6DEE6300A645D6 /* AVKit.framework in Frameworks */,
				EAC213EC49190E565884046D /* libPods-ClockRadio.a in Frameworks */,
			);
			runOnlyForDeploymentPostprocessing = 0;
		};
		E8D978E91D12E58100B9D459 /* Frameworks */ = {
			isa = PBXFrameworksBuildPhase;
			buildActionMask = 2147483647;
			files = (
				BFB979F3B6FA553779E8C37C /* libPods-ClockRadioTests.a in Frameworks */,
			);
			runOnlyForDeploymentPostprocessing = 0;
		};
/* End PBXFrameworksBuildPhase section */

/* Begin PBXGroup section */
		9E240FB81D6DF8E000A645D6 /* ViewControllers */ = {
			isa = PBXGroup;
			children = (
				9E0E09A41D85A6740015D6A9 /* AlarmSelectionViewControllerTest.m */,
				9E0E09A61D85A6910015D6A9 /* MainViewControllerTest.m */,
				9E0E09AA1D85A6C50015D6A9 /* RadioStationSelectionViewController.m */,
				9E0E09A81D85A6AA0015D6A9 /* SoundSelectionViewControllerTest.m */,
			);
			name = ViewControllers;
			sourceTree = "<group>";
		};
		9E240FB91D6DF8FA00A645D6 /* Views */ = {
			isa = PBXGroup;
			children = (
				9EEE32F61D9816660023ABF6 /* SoundSelectionCellTest.m */,
			);
			name = Views;
			sourceTree = "<group>";
		};
		9E240FBA1D6DF90200A645D6 /* Providers */ = {
			isa = PBXGroup;
			children = (
				E8BAC1751D7F0D3E00BD66F1 /* StationProviderTest.m */,
				E8BAC1771D7F0E1800BD66F1 /* TuneinProviderTest.m */,
			);
			name = Providers;
			sourceTree = "<group>";
		};
		9E240FBB1D6DF91000A645D6 /* Models */ = {
			isa = PBXGroup;
			children = (
				9E240FBD1D6DFB3500A645D6 /* StationTest.m */,
				9E118E611D6E0DEB002C50F8 /* StationTuneinDetailsTest.m */,
				9E118E631D6E17C0002C50F8 /* SoundTest.m */,
			);
			name = Models;
			sourceTree = "<group>";
		};
		9E240FBC1D6DF92000A645D6 /* Utilities */ = {
			isa = PBXGroup;
			children = (
			);
			name = Utilities;
			sourceTree = "<group>";
		};
		9E5200981D6B6FDC007A7A57 /* Utility */ = {
			isa = PBXGroup;
			children = (
				9E6204291DD114A600736628 /* Mocktail */,
				9E5200991D6B7020007A7A57 /* NSDate+Utility.h */,
				9E52009A1D6B7020007A7A57 /* NSDate+Utility.m */,
			);
			path = Utility;
			sourceTree = "<group>";
		};
		9E52009C1D6B7C1E007A7A57 /* SoundSelection */ = {
			isa = PBXGroup;
			children = (
				9E5200A21D6B8650007A7A57 /* SoundSelectionCell.h */,
				9E5200A31D6B8650007A7A57 /* SoundSelectionCell.m */,
				9E5200A41D6B8650007A7A57 /* SoundSelectionCell.xib */,
				9E52009D1D6B7C94007A7A57 /* SoundSelectionViewController.h */,
				9E52009E1D6B7C94007A7A57 /* SoundSelectionViewController.m */,
				9E52009F1D6B7C94007A7A57 /* SoundSelectionViewController.xib */,
			);
			path = SoundSelection;
			sourceTree = "<group>";
		};
		9E5200A71D6B9175007A7A57 /* Resources */ = {
			isa = PBXGroup;
			children = (
				9E5200A81D6B99E1007A7A57 /* Sounds */,
			);
			path = Resources;
			sourceTree = "<group>";
		};
		9E5200A81D6B99E1007A7A57 /* Sounds */ = {
			isa = PBXGroup;
			children = (
				9EDA45AF1D6CEE7F00C79D4D /* UFO Descending And Takeoff.mp3 */,
				9EDA45B01D6CEE7F00C79D4D /* Police Siren.mp3 */,
				9EDA45B11D6CEE7F00C79D4D /* Railroad Crossing Bell.mp3 */,
				9EDA45B21D6CEE7F00C79D4D /* Tornado Siren.mp3 */,
				9EDA45B31D6CEE7F00C79D4D /* UFO Descending.mp3 */,
				9EDA45B41D6CEE7F00C79D4D /* UFO Takeoff.mp3 */,
				9EDA45B51D6CEE7F00C79D4D /* Pour Glass Water.mp3 */,
				9EDA45B61D6CEE7F00C79D4D /* Gibbon Monkey.mp3 */,
				9EDA45B71D6CEE7F00C79D4D /* Siren.mp3 */,
				9EDA45B81D6CEE7F00C79D4D /* Ship Brass Bell.mp3 */,
				9EDA45B91D6CEE7F00C79D4D /* Plectron Tones.mp3 */,
				9EDA45BA1D6CEE7F00C79D4D /* Sonar Ping.mp3 */,
				9EDA45BB1D6CEE7F00C79D4D /* Rooster.mp3 */,
				9EDA45BC1D6CEE7F00C79D4D /* Glass Ping.mp3 */,
				9EDA45BD1D6CEE7F00C79D4D /* Zombie Brain Eater.mp3 */,
				9EDA45BE1D6CEE7F00C79D4D /* Computer Magic.mp3 */,
				9EDA45BF1D6CEE7F00C79D4D /* Rooster Crow.mp3 */,
			);
			path = Sounds;
			sourceTree = "<group>";
		};
		9E6204291DD114A600736628 /* Mocktail */ = {
			isa = PBXGroup;
			children = (
				9E62042A1DD1167C00736628 /* Mocktail_Private.h */,
				9E62042B1DD1167C00736628 /* Mocktail.h */,
				9E62042C1DD1167C00736628 /* Mocktail.m */,
				9E62042D1DD1167C00736628 /* MocktailResponse.h */,
				9E62042E1DD1167C00736628 /* MocktailResponse.m */,
				9E62042F1DD1167C00736628 /* MocktailURLProtocol.h */,
				9E6204301DD1167C00736628 /* MocktailURLProtocol.m */,
			);
			path = Mocktail;
			sourceTree = "<group>";
		};
		9E6204341DD1177300736628 /* Resources */ = {
			isa = PBXGroup;
			children = (
				9E6204351DD1179900736628 /* Mocktails */,
			);
			path = Resources;
			sourceTree = "<group>";
		};
		9E6204351DD1179900736628 /* Mocktails */ = {
			isa = PBXGroup;
			children = (
				9E6204361DD1180200736628 /* StationList_get.tail */,
				E86E9C7A1DD4A1C100963FB1 /* TuneinId_166835_get.tail */,
			);
			path = Mocktails;
			sourceTree = "<group>";
		};
		9E650B8B1D15B7CE002AD3F1 /* Configuration */ = {
			isa = PBXGroup;
			children = (
				9E650B8C1D15B800002AD3F1 /* Configuration.h */,
				9E650B8D1D15B800002AD3F1 /* Configuration.m */,
			);
			path = Configuration;
			sourceTree = "<group>";
		};
		9E650B8F1D15BD2F002AD3F1 /* StationSelection */ = {
			isa = PBXGroup;
			children = (
				9E650B941D15BE8E002AD3F1 /* RadioStationSelectionViewController.h */,
				9E650B951D15BE8E002AD3F1 /* RadioStationSelectionViewController.m */,
				9E650B961D15BE8E002AD3F1 /* RadioStationSelectionViewController.xib */,
			);
			path = StationSelection;
			sourceTree = "<group>";
		};
		9E650B901D15BDA8002AD3F1 /* AlarmSelection */ = {
			isa = PBXGroup;
			children = (
				9E8AD55D1D282B4E00B171EF /* AlarmSelectionViewController.h */,
				9E8AD55E1D282B4E00B171EF /* AlarmSelectionViewController.m */,
				9E8AD55F1D282B4E00B171EF /* AlarmSelectionViewController.xib */,
			);
			path = AlarmSelection;
			sourceTree = "<group>";
		};
		9E7D81791D23EC4D0040BDB5 /* Model */ = {
			isa = PBXGroup;
			children = (
				9E7D817B1D23ECCD0040BDB5 /* Station.h */,
				9E7D817C1D23ECCD0040BDB5 /* Station.m */,
				9E5E7CC11D27CF1B0001ACD4 /* StationTuneinDetails.h */,
				9E5E7CC21D27CF1B0001ACD4 /* StationTuneinDetails.m */,
				9EDA45D11D6CF06F00C79D4D /* Sound.h */,
				9EDA45D21D6CF06F00C79D4D /* Sound.m */,
			);
			path = Model;
			sourceTree = "<group>";
		};
		9E7D817A1D23EC570040BDB5 /* Provider */ = {
			isa = PBXGroup;
			children = (
				9E7D817E1D23ECFB0040BDB5 /* StationProvider.h */,
				9E7D817F1D23ECFB0040BDB5 /* StationProvider.m */,
				9E5E7CBE1D27CDF60001ACD4 /* TuneinProvider.h */,
				9E5E7CBF1D27CDF60001ACD4 /* TuneinProvider.m */,
			);
			path = Provider;
			sourceTree = "<group>";
		};
		9E7D81811D23F5600040BDB5 /* Main */ = {
			isa = PBXGroup;
			children = (
				9E7D81821D23F5C20040BDB5 /* ApiClient.h */,
				9E7D81831D23F5C20040BDB5 /* ApiClient.m */,
				9E188DFF1DD3B36C0037FA02 /* ApiClientURLSessionConfiguration.h */,
				9E188E001DD3B36C0037FA02 /* ApiClientURLSessionConfiguration.m */,
				E8D978D91D12E58100B9D459 /* AppDelegate.h */,
				E8D978DA1D12E58100B9D459 /* AppDelegate.m */,
				E8D978DC1D12E58100B9D459 /* MainViewController.h */,
				E8D978DD1D12E58100B9D459 /* MainViewController.m */,
				E8D9790A1D12F24000B9D459 /* AudioPlayerView.h */,
				E8D9790B1D12F24000B9D459 /* AudioPlayerView.m */,
				E8D978DF1D12E58100B9D459 /* Main.storyboard */,
			);
			name = Main;
			sourceTree = "<group>";
		};
		B315C9F6D790214815EAD01D /* Pods */ = {
			isa = PBXGroup;
			children = (
				FF12F337E5F0F3D6E1DFEFE5 /* Pods-ClockRadio.debug.xcconfig */,
				F07D9C16FB774682437A31D6 /* Pods-ClockRadio.release.xcconfig */,
				EDA963E421F0FBFA0D7BA327 /* Pods-ClockRadioTests.debug.xcconfig */,
				F43B45B00E48EE764C5E3601 /* Pods-ClockRadioTests.release.xcconfig */,
				BBD163ED1A7E06F17BC00FEE /* Pods-ClockRadioUITests.debug.xcconfig */,
				583E586C1114A54F1D1DCA7B /* Pods-ClockRadioUITests.release.xcconfig */,
				AD2CC0D3E9C2B45AA180FA82 /* Pods-ClockRadioKIFFUITests.debug.xcconfig */,
				2AD197215D7600ED49322873 /* Pods-ClockRadioKIFFUITests.release.xcconfig */,
				5F7D25D2462C5FBCB73A030B /* Pods-ClockRadioKIFUITests.debug.xcconfig */,
				FAF6B2B34E39A36C9E21970F /* Pods-ClockRadioKIFUITests.release.xcconfig */,
			);
			name = Pods;
			sourceTree = "<group>";
		};
		B66429AACB7793CCF395ECD8 /* Frameworks */ = {
			isa = PBXGroup;
			children = (
				E86C23FF1DC0EF5000E012C0 /* libOCMock.a */,
				E86C23F41DC0EC3600E012C0 /* QuartzCore.framework */,
				E86C23F21DC0EC2D00E012C0 /* CoreGraphics.framework */,
				E86C23F01DC0EC1900E012C0 /* libKIF.a */,
				9E240FB41D6DEE6300A645D6 /* AVFoundation.framework */,
				9E240FB51D6DEE6300A645D6 /* AVKit.framework */,
				9E72D6CE1D3EB70B00D7B49C /* EventKit.framework */,
				C3E39C6BDE9C970F548C689A /* libPods-ClockRadio.a */,
				B6DABE0BCC9FE15DC02D607B /* libPods-ClockRadioTests.a */,
				6A3FC4E5B18F942138674E9C /* libPods-ClockRadioUITests.a */,
				BD4FCE0DFD08C6FB4AA20EE1 /* libPods-ClockRadioKIFFUITests.a */,
				8C7652FA37CAA276904843E6 /* libPods-ClockRadioKIFUITests.a */,
			);
			name = Frameworks;
			sourceTree = "<group>";
		};
		E80E2D651D94258E00DE085F /* OCMockExtension */ = {
			isa = PBXGroup;
			children = (
				E80E2D661D9425B600DE085F /* OCMConstraint+Extensions.h */,
				E80E2D671D9425B600DE085F /* OCMConstraint+Extensions.m */,
				E80E2D681D9425B600DE085F /* OCMKindOfClassConstraint.h */,
				E80E2D691D9425B600DE085F /* OCMKindOfClassConstraint.m */,
				E80E2D6A1D9425B600DE085F /* OCMNavigationControllerWithRootViewControllerConstraint.h */,
				E80E2D6B1D9425B600DE085F /* OCMNavigationControllerWithRootViewControllerConstraint.m */,
			);
			path = OCMockExtension;
			sourceTree = "<group>";
		};
		E86C23E71DC0EBD500E012C0 /* ClockRadioKIFUITests */ = {
			isa = PBXGroup;
			children = (
				9E6204341DD1177300736628 /* Resources */,
				E86C23F61DC0ED7200E012C0 /* Shared */,
				E86E9C7D1DD4A9D200963FB1 /* AlarmSelectionViewControllerUITest.m */,
				E86C23FD1DC0EDA200E012C0 /* MainViewControllerUITest.m */,
				E8341A911DC24200009EA84B /* RadioStationSelectionViewControllerUITest.m */,
				E86C23EA1DC0EBD500E012C0 /* Info.plist */,
			);
			name = ClockRadioKIFUITests;
			path = ClockRadioKIFFUITests;
			sourceTree = "<group>";
		};
		E86C23F61DC0ED7200E012C0 /* Shared */ = {
			isa = PBXGroup;
			children = (
				E814325D1DD477B8001DAC20 /* UIScrollView+AccessibilityLabelExtension.h */,
				E814325E1DD477B8001DAC20 /* UIScrollView+AccessibilityLabelExtension.m */,
				E86C23F71DC0ED9800E012C0 /* KIFTestActor+ClockRadio.h */,
				E86C23F81DC0ED9800E012C0 /* KIFTestActor+ClockRadio.m */,
				E86C23F91DC0ED9800E012C0 /* MockedConfiguration.h */,
				E86C23FA1DC0ED9800E012C0 /* MockedConfiguration.m */,
			);
			path = Shared;
			sourceTree = "<group>";
		};
		E8BAC16E1D7F0A9100BD66F1 /* HelperManager */ = {
			isa = PBXGroup;
			children = (
				E8BAC16F1D7F0AC400BD66F1 /* NavigationHelper.h */,
				E8BAC1701D7F0AC400BD66F1 /* NavigationHelper.m */,
				E8BAC1711D7F0AC400BD66F1 /* NotificationHandler.h */,
				E8BAC1721D7F0AC400BD66F1 /* NotificationHandler.m */,
			);
			path = HelperManager;
			sourceTree = "<group>";
		};
		E8D978CA1D12E58100B9D459 = {
			isa = PBXGroup;
			children = (
				E8D978D51D12E58100B9D459 /* ClockRadio */,
				E8D978E21D12E58100B9D459 /* Assets.xcassets */,
				E8D978E71D12E58100B9D459 /* Info.plist */,
				E8D978E41D12E58100B9D459 /* LaunchScreen.storyboard */,
				E8D978EF1D12E58100B9D459 /* ClockRadioTests */,
				E86C23E71DC0EBD500E012C0 /* ClockRadioKIFUITests */,
				E8D978D41D12E58100B9D459 /* Products */,
				B315C9F6D790214815EAD01D /* Pods */,
				B66429AACB7793CCF395ECD8 /* Frameworks */,
			);
			sourceTree = "<group>";
		};
		E8D978D41D12E58100B9D459 /* Products */ = {
			isa = PBXGroup;
			children = (
				E8D978D31D12E58100B9D459 /* ClockRadio.app */,
				E8D978EC1D12E58100B9D459 /* ClockRadioTests.xctest */,
				E86C23E61DC0EBD500E012C0 /* ClockRadioKIFUITests.xctest */,
			);
			name = Products;
			sourceTree = "<group>";
		};
		E8D978D51D12E58100B9D459 /* ClockRadio */ = {
			isa = PBXGroup;
			children = (
				E8BAC16E1D7F0A9100BD66F1 /* HelperManager */,
				9E650B901D15BDA8002AD3F1 /* AlarmSelection */,
				9E650B8B1D15B7CE002AD3F1 /* Configuration */,
				9E7D81811D23F5600040BDB5 /* Main */,
				9E7D81791D23EC4D0040BDB5 /* Model */,
				9E7D817A1D23EC570040BDB5 /* Provider */,
				9E5200A71D6B9175007A7A57 /* Resources */,
				9E52009C1D6B7C1E007A7A57 /* SoundSelection */,
				9E650B8F1D15BD2F002AD3F1 /* StationSelection */,
				E8D978D61D12E58100B9D459 /* Supporting Files */,
				9E5200981D6B6FDC007A7A57 /* Utility */,
			);
			path = ClockRadio;
			sourceTree = "<group>";
		};
		E8D978D61D12E58100B9D459 /* Supporting Files */ = {
			isa = PBXGroup;
			children = (
				E8D978D71D12E58100B9D459 /* main.m */,
			);
			name = "Supporting Files";
			sourceTree = "<group>";
		};
		E8D978EF1D12E58100B9D459 /* ClockRadioTests */ = {
			isa = PBXGroup;
			children = (
				E80E2D651D94258E00DE085F /* OCMockExtension */,
				9E118E651D6E1B97002C50F8 /* Rooster.mp3 */,
				E8D978F21D12E58100B9D459 /* Info.plist */,
				9E240FBB1D6DF91000A645D6 /* Models */,
				9E240FBA1D6DF90200A645D6 /* Providers */,
				9E240FBC1D6DF92000A645D6 /* Utilities */,
				9E240FB81D6DF8E000A645D6 /* ViewControllers */,
				9E240FB91D6DF8FA00A645D6 /* Views */,
			);
			path = ClockRadioTests;
			sourceTree = "<group>";
		};
/* End PBXGroup section */

/* Begin PBXNativeTarget section */
		E86C23E51DC0EBD500E012C0 /* ClockRadioKIFUITests */ = {
			isa = PBXNativeTarget;
			buildConfigurationList = E86C23ED1DC0EBD500E012C0 /* Build configuration list for PBXNativeTarget "ClockRadioKIFUITests" */;
			buildPhases = (
				96F0C35D1709507283212136 /* [CP] Check Pods Manifest.lock */,
				E86C23E21DC0EBD500E012C0 /* Sources */,
				E86C23E31DC0EBD500E012C0 /* Frameworks */,
				E86C23E41DC0EBD500E012C0 /* Resources */,
				AC792A567D75B919FBC4E15D /* [CP] Embed Pods Frameworks */,
				36D070D1572588D807539F75 /* [CP] Copy Pods Resources */,
			);
			buildRules = (
			);
			dependencies = (
				E86C23EC1DC0EBD500E012C0 /* PBXTargetDependency */,
			);
			name = ClockRadioKIFUITests;
			productName = ClockRadioKIFFUITests;
			productReference = E86C23E61DC0EBD500E012C0 /* ClockRadioKIFUITests.xctest */;
			productType = "com.apple.product-type.bundle.unit-test";
		};
		E8D978D21D12E58100B9D459 /* ClockRadio */ = {
			isa = PBXNativeTarget;
			buildConfigurationList = E8D979001D12E58100B9D459 /* Build configuration list for PBXNativeTarget "ClockRadio" */;
			buildPhases = (
				7C1FA8D648F7B404DEDEC70C /* [CP] Check Pods Manifest.lock */,
				E8D978CF1D12E58100B9D459 /* Sources */,
				E8D978D01D12E58100B9D459 /* Frameworks */,
				E8D978D11D12E58100B9D459 /* Resources */,
				E7C1C5974330BDF492098912 /* [CP] Embed Pods Frameworks */,
				1EC9033E0B363CD3F53B44D7 /* [CP] Copy Pods Resources */,
			);
			buildRules = (
			);
			dependencies = (
			);
			name = ClockRadio;
			productName = ClockRadio;
			productReference = E8D978D31D12E58100B9D459 /* ClockRadio.app */;
			productType = "com.apple.product-type.application";
		};
		E8D978EB1D12E58100B9D459 /* ClockRadioTests */ = {
			isa = PBXNativeTarget;
			buildConfigurationList = E8D979031D12E58100B9D459 /* Build configuration list for PBXNativeTarget "ClockRadioTests" */;
			buildPhases = (
				8C31BA4A749AD9F7BD4EF928 /* [CP] Check Pods Manifest.lock */,
				E8D978E81D12E58100B9D459 /* Sources */,
				E8D978E91D12E58100B9D459 /* Frameworks */,
				E8D978EA1D12E58100B9D459 /* Resources */,
				24E2A3B668963AE69DADA96E /* [CP] Embed Pods Frameworks */,
				314332D572E920111BFDCEEC /* [CP] Copy Pods Resources */,
			);
			buildRules = (
			);
			dependencies = (
				E8D978EE1D12E58100B9D459 /* PBXTargetDependency */,
			);
			name = ClockRadioTests;
			productName = ClockRadioTests;
			productReference = E8D978EC1D12E58100B9D459 /* ClockRadioTests.xctest */;
			productType = "com.apple.product-type.bundle.unit-test";
		};
/* End PBXNativeTarget section */

/* Begin PBXProject section */
		E8D978CB1D12E58100B9D459 /* Project object */ = {
			isa = PBXProject;
			attributes = {
				LastUpgradeCheck = 0730;
				ORGANIZATIONNAME = "Andre Hess";
				TargetAttributes = {
					E86C23E51DC0EBD500E012C0 = {
						CreatedOnToolsVersion = 8.0;
						ProvisioningStyle = Manual;
						TestTargetID = E8D978D21D12E58100B9D459;
					};
					E8D978D21D12E58100B9D459 = {
						CreatedOnToolsVersion = 7.3.1;
						ProvisioningStyle = Manual;
					};
					E8D978EB1D12E58100B9D459 = {
						CreatedOnToolsVersion = 7.3.1;
						TestTargetID = E8D978D21D12E58100B9D459;
					};
				};
			};
			buildConfigurationList = E8D978CE1D12E58100B9D459 /* Build configuration list for PBXProject "ClockRadio" */;
			compatibilityVersion = "Xcode 3.2";
			developmentRegion = English;
			hasScannedForEncodings = 0;
			knownRegions = (
				en,
				Base,
			);
			mainGroup = E8D978CA1D12E58100B9D459;
			productRefGroup = E8D978D41D12E58100B9D459 /* Products */;
			projectDirPath = "";
			projectRoot = "";
			targets = (
				E8D978D21D12E58100B9D459 /* ClockRadio */,
				E8D978EB1D12E58100B9D459 /* ClockRadioTests */,
				E86C23E51DC0EBD500E012C0 /* ClockRadioKIFUITests */,
			);
		};
/* End PBXProject section */

/* Begin PBXResourcesBuildPhase section */
		E86C23E41DC0EBD500E012C0 /* Resources */ = {
			isa = PBXResourcesBuildPhase;
			buildActionMask = 2147483647;
			files = (
				9E188DFE1DD3AD650037FA02 /* StationList_get.tail in Resources */,
				E86E9C7C1DD4A28A00963FB1 /* TuneinId_166835_get.tail in Resources */,
			);
			runOnlyForDeploymentPostprocessing = 0;
		};
		E8D978D11D12E58100B9D459 /* Resources */ = {
			isa = PBXResourcesBuildPhase;
			buildActionMask = 2147483647;
			files = (
				9EDA45CB1D6CEE7F00C79D4D /* Sonar Ping.mp3 in Resources */,
				9EDA45CA1D6CEE7F00C79D4D /* Plectron Tones.mp3 in Resources */,
				9E8AD5611D282B4E00B171EF /* AlarmSelectionViewController.xib in Resources */,
				9EDA45CC1D6CEE7F00C79D4D /* Rooster.mp3 in Resources */,
				9EDA45C11D6CEE7F00C79D4D /* Police Siren.mp3 in Resources */,
				9EDA45C41D6CEE7F00C79D4D /* UFO Descending.mp3 in Resources */,
				9EDA45C31D6CEE7F00C79D4D /* Tornado Siren.mp3 in Resources */,
				E86E9C7B1DD4A1C100963FB1 /* TuneinId_166835_get.tail in Resources */,
				9E650B981D15BE8E002AD3F1 /* RadioStationSelectionViewController.xib in Resources */,
				E8D978E61D12E58100B9D459 /* LaunchScreen.storyboard in Resources */,
				E8D978E31D12E58100B9D459 /* Assets.xcassets in Resources */,
				9EDA45C71D6CEE7F00C79D4D /* Gibbon Monkey.mp3 in Resources */,
				9EDA45C81D6CEE7F00C79D4D /* Siren.mp3 in Resources */,
				9EDA45C61D6CEE7F00C79D4D /* Pour Glass Water.mp3 in Resources */,
				9E5200A11D6B7C94007A7A57 /* SoundSelectionViewController.xib in Resources */,
				9EDA45C91D6CEE7F00C79D4D /* Ship Brass Bell.mp3 in Resources */,
				9EDA45CE1D6CEE7F00C79D4D /* Zombie Brain Eater.mp3 in Resources */,
				9EDA45CF1D6CEE7F00C79D4D /* Computer Magic.mp3 in Resources */,
				9E6204371DD1180200736628 /* StationList_get.tail in Resources */,
				9EDA45C51D6CEE7F00C79D4D /* UFO Takeoff.mp3 in Resources */,
				9EDA45C01D6CEE7F00C79D4D /* UFO Descending And Takeoff.mp3 in Resources */,
				9EDA45C21D6CEE7F00C79D4D /* Railroad Crossing Bell.mp3 in Resources */,
				9EDA45CD1D6CEE7F00C79D4D /* Glass Ping.mp3 in Resources */,
				E8D978E11D12E58100B9D459 /* Main.storyboard in Resources */,
				9E5200A61D6B8650007A7A57 /* SoundSelectionCell.xib in Resources */,
				9EDA45D01D6CEE7F00C79D4D /* Rooster Crow.mp3 in Resources */,
			);
			runOnlyForDeploymentPostprocessing = 0;
		};
		E8D978EA1D12E58100B9D459 /* Resources */ = {
			isa = PBXResourcesBuildPhase;
			buildActionMask = 2147483647;
			files = (
				9E118E661D6E1B97002C50F8 /* Rooster.mp3 in Resources */,
			);
			runOnlyForDeploymentPostprocessing = 0;
		};
/* End PBXResourcesBuildPhase section */

/* Begin PBXShellScriptBuildPhase section */
		1EC9033E0B363CD3F53B44D7 /* [CP] Copy Pods Resources */ = {
			isa = PBXShellScriptBuildPhase;
			buildActionMask = 2147483647;
			files = (
			);
			inputPaths = (
			);
			name = "[CP] Copy Pods Resources";
			outputPaths = (
			);
			runOnlyForDeploymentPostprocessing = 0;
			shellPath = /bin/sh;
			shellScript = "\"${SRCROOT}/../Pods/Target Support Files/Pods-ClockRadio/Pods-ClockRadio-resources.sh\"\n";
			showEnvVarsInLog = 0;
		};
		24E2A3B668963AE69DADA96E /* [CP] Embed Pods Frameworks */ = {
			isa = PBXShellScriptBuildPhase;
			buildActionMask = 2147483647;
			files = (
			);
			inputPaths = (
			);
			name = "[CP] Embed Pods Frameworks";
			outputPaths = (
			);
			runOnlyForDeploymentPostprocessing = 0;
			shellPath = /bin/sh;
			shellScript = "\"${SRCROOT}/../Pods/Target Support Files/Pods-ClockRadioTests/Pods-ClockRadioTests-frameworks.sh\"\n";
			showEnvVarsInLog = 0;
		};
		314332D572E920111BFDCEEC /* [CP] Copy Pods Resources */ = {
			isa = PBXShellScriptBuildPhase;
			buildActionMask = 2147483647;
			files = (
			);
			inputPaths = (
			);
			name = "[CP] Copy Pods Resources";
			outputPaths = (
			);
			runOnlyForDeploymentPostprocessing = 0;
			shellPath = /bin/sh;
			shellScript = "\"${SRCROOT}/../Pods/Target Support Files/Pods-ClockRadioTests/Pods-ClockRadioTests-resources.sh\"\n";
			showEnvVarsInLog = 0;
		};
		36D070D1572588D807539F75 /* [CP] Copy Pods Resources */ = {
			isa = PBXShellScriptBuildPhase;
			buildActionMask = 2147483647;
			files = (
			);
			inputPaths = (
			);
			name = "[CP] Copy Pods Resources";
			outputPaths = (
			);
			runOnlyForDeploymentPostprocessing = 0;
			shellPath = /bin/sh;
			shellScript = "\"${SRCROOT}/../Pods/Target Support Files/Pods-ClockRadioKIFUITests/Pods-ClockRadioKIFUITests-resources.sh\"\n";
			showEnvVarsInLog = 0;
		};
		7C1FA8D648F7B404DEDEC70C /* [CP] Check Pods Manifest.lock */ = {
			isa = PBXShellScriptBuildPhase;
			buildActionMask = 2147483647;
			files = (
			);
			inputPaths = (
			);
			name = "[CP] Check Pods Manifest.lock";
			outputPaths = (
			);
			runOnlyForDeploymentPostprocessing = 0;
			shellPath = /bin/sh;
			shellScript = "diff \"${PODS_ROOT}/../Podfile.lock\" \"${PODS_ROOT}/Manifest.lock\" > /dev/null\nif [[ $? != 0 ]] ; then\n    cat << EOM\nerror: The sandbox is not in sync with the Podfile.lock. Run 'pod install' or update your CocoaPods installation.\nEOM\n    exit 1\nfi\n";
			showEnvVarsInLog = 0;
		};
		8C31BA4A749AD9F7BD4EF928 /* [CP] Check Pods Manifest.lock */ = {
			isa = PBXShellScriptBuildPhase;
			buildActionMask = 2147483647;
			files = (
			);
			inputPaths = (
			);
			name = "[CP] Check Pods Manifest.lock";
			outputPaths = (
			);
			runOnlyForDeploymentPostprocessing = 0;
			shellPath = /bin/sh;
			shellScript = "diff \"${PODS_ROOT}/../Podfile.lock\" \"${PODS_ROOT}/Manifest.lock\" > /dev/null\nif [[ $? != 0 ]] ; then\n    cat << EOM\nerror: The sandbox is not in sync with the Podfile.lock. Run 'pod install' or update your CocoaPods installation.\nEOM\n    exit 1\nfi\n";
			showEnvVarsInLog = 0;
		};
		96F0C35D1709507283212136 /* [CP] Check Pods Manifest.lock */ = {
			isa = PBXShellScriptBuildPhase;
			buildActionMask = 2147483647;
			files = (
			);
			inputPaths = (
			);
			name = "[CP] Check Pods Manifest.lock";
			outputPaths = (
			);
			runOnlyForDeploymentPostprocessing = 0;
			shellPath = /bin/sh;
			shellScript = "diff \"${PODS_ROOT}/../Podfile.lock\" \"${PODS_ROOT}/Manifest.lock\" > /dev/null\nif [[ $? != 0 ]] ; then\n    cat << EOM\nerror: The sandbox is not in sync with the Podfile.lock. Run 'pod install' or update your CocoaPods installation.\nEOM\n    exit 1\nfi\n";
			showEnvVarsInLog = 0;
		};
		AC792A567D75B919FBC4E15D /* [CP] Embed Pods Frameworks */ = {
			isa = PBXShellScriptBuildPhase;
			buildActionMask = 2147483647;
			files = (
			);
			inputPaths = (
			);
			name = "[CP] Embed Pods Frameworks";
			outputPaths = (
			);
			runOnlyForDeploymentPostprocessing = 0;
			shellPath = /bin/sh;
			shellScript = "\"${SRCROOT}/../Pods/Target Support Files/Pods-ClockRadioKIFUITests/Pods-ClockRadioKIFUITests-frameworks.sh\"\n";
			showEnvVarsInLog = 0;
		};
		E7C1C5974330BDF492098912 /* [CP] Embed Pods Frameworks */ = {
			isa = PBXShellScriptBuildPhase;
			buildActionMask = 2147483647;
			files = (
			);
			inputPaths = (
			);
			name = "[CP] Embed Pods Frameworks";
			outputPaths = (
			);
			runOnlyForDeploymentPostprocessing = 0;
			shellPath = /bin/sh;
			shellScript = "\"${SRCROOT}/../Pods/Target Support Files/Pods-ClockRadio/Pods-ClockRadio-frameworks.sh\"\n";
			showEnvVarsInLog = 0;
		};
/* End PBXShellScriptBuildPhase section */

/* Begin PBXSourcesBuildPhase section */
		E86C23E21DC0EBD500E012C0 /* Sources */ = {
			isa = PBXSourcesBuildPhase;
			buildActionMask = 2147483647;
			files = (
				E86E9C7F1DD4A9D200963FB1 /* AlarmSelectionViewControllerUITest.m in Sources */,
				9E188E041DD3BB500037FA02 /* MocktailResponse.m in Sources */,
				9E188E051DD3BB530037FA02 /* Mocktail.m in Sources */,
				E86C23FE1DC0EDA200E012C0 /* MainViewControllerUITest.m in Sources */,
				E86C23FB1DC0ED9800E012C0 /* KIFTestActor+ClockRadio.m in Sources */,
				E8341A941DC244F7009EA84B /* RadioStationSelectionViewControllerUITest.m in Sources */,
				9E188E031DD3BB4B0037FA02 /* MocktailURLProtocol.m in Sources */,
				E86C23FC1DC0ED9800E012C0 /* MockedConfiguration.m in Sources */,
				9E188E021DD3B36C0037FA02 /* ApiClientURLSessionConfiguration.m in Sources */,
			);
			runOnlyForDeploymentPostprocessing = 0;
		};
		E8D978CF1D12E58100B9D459 /* Sources */ = {
			isa = PBXSourcesBuildPhase;
			buildActionMask = 2147483647;
			files = (
				9E7D81841D23F5C20040BDB5 /* ApiClient.m in Sources */,
				E8BAC1741D7F0AC400BD66F1 /* NotificationHandler.m in Sources */,
				9E650B8E1D15B800002AD3F1 /* Configuration.m in Sources */,
				9E188E011DD3B36C0037FA02 /* ApiClientURLSessionConfiguration.m in Sources */,
				E8BAC1731D7F0AC400BD66F1 /* NavigationHelper.m in Sources */,
				9E7D81801D23ECFB0040BDB5 /* StationProvider.m in Sources */,
				9E6204311DD1167C00736628 /* Mocktail.m in Sources */,
				E814325F1DD477B8001DAC20 /* UIScrollView+AccessibilityLabelExtension.m in Sources */,
				E8D978DE1D12E58100B9D459 /* MainViewController.m in Sources */,
				9E52009B1D6B7020007A7A57 /* NSDate+Utility.m in Sources */,
				E8D978DB1D12E58100B9D459 /* AppDelegate.m in Sources */,
				E8D9790C1D12F24000B9D459 /* AudioPlayerView.m in Sources */,
				9E650B971D15BE8E002AD3F1 /* RadioStationSelectionViewController.m in Sources */,
				9E7D817D1D23ECCD0040BDB5 /* Station.m in Sources */,
				9E6204331DD1167C00736628 /* MocktailURLProtocol.m in Sources */,
				9EDA45D31D6CF06F00C79D4D /* Sound.m in Sources */,
				9E5200A01D6B7C94007A7A57 /* SoundSelectionViewController.m in Sources */,
				9E5E7CC31D27CF1B0001ACD4 /* StationTuneinDetails.m in Sources */,
				E8D978D81D12E58100B9D459 /* main.m in Sources */,
				9E6204321DD1167C00736628 /* MocktailResponse.m in Sources */,
				9E5E7CC01D27CDF60001ACD4 /* TuneinProvider.m in Sources */,
				9E5200A51D6B8650007A7A57 /* SoundSelectionCell.m in Sources */,
				9E8AD5601D282B4E00B171EF /* AlarmSelectionViewController.m in Sources */,
			);
			runOnlyForDeploymentPostprocessing = 0;
		};
		E8D978E81D12E58100B9D459 /* Sources */ = {
			isa = PBXSourcesBuildPhase;
			buildActionMask = 2147483647;
			files = (
				9E118E621D6E0DEB002C50F8 /* StationTuneinDetailsTest.m in Sources */,
				E8BAC1761D7F0D3E00BD66F1 /* StationProviderTest.m in Sources */,
				9EEE32F71D9816660023ABF6 /* SoundSelectionCellTest.m in Sources */,
				E8BAC1781D7F0E1800BD66F1 /* TuneinProviderTest.m in Sources */,
				E80E2D6E1D9425B600DE085F /* OCMNavigationControllerWithRootViewControllerConstraint.m in Sources */,
				9E0E09AB1D85A6C50015D6A9 /* RadioStationSelectionViewController.m in Sources */,
				9E0E09A51D85A6740015D6A9 /* AlarmSelectionViewControllerTest.m in Sources */,
				9E118E641D6E17C0002C50F8 /* SoundTest.m in Sources */,
				9E240FBE1D6DFB3500A645D6 /* StationTest.m in Sources */,
				9E0E09A71D85A6910015D6A9 /* MainViewControllerTest.m in Sources */,
				E80E2D6C1D9425B600DE085F /* OCMConstraint+Extensions.m in Sources */,
				E80E2D6D1D9425B600DE085F /* OCMKindOfClassConstraint.m in Sources */,
				9E0E09A91D85A6AA0015D6A9 /* SoundSelectionViewControllerTest.m in Sources */,
			);
			runOnlyForDeploymentPostprocessing = 0;
		};
/* End PBXSourcesBuildPhase section */

/* Begin PBXTargetDependency section */
		E86C23EC1DC0EBD500E012C0 /* PBXTargetDependency */ = {
			isa = PBXTargetDependency;
			target = E8D978D21D12E58100B9D459 /* ClockRadio */;
			targetProxy = E86C23EB1DC0EBD500E012C0 /* PBXContainerItemProxy */;
		};
		E8D978EE1D12E58100B9D459 /* PBXTargetDependency */ = {
			isa = PBXTargetDependency;
			target = E8D978D21D12E58100B9D459 /* ClockRadio */;
			targetProxy = E8D978ED1D12E58100B9D459 /* PBXContainerItemProxy */;
		};
/* End PBXTargetDependency section */

/* Begin PBXVariantGroup section */
		E8D978DF1D12E58100B9D459 /* Main.storyboard */ = {
			isa = PBXVariantGroup;
			children = (
				E8D978E01D12E58100B9D459 /* Base */,
			);
			name = Main.storyboard;
			sourceTree = "<group>";
		};
		E8D978E41D12E58100B9D459 /* LaunchScreen.storyboard */ = {
			isa = PBXVariantGroup;
			children = (
				E8D978E51D12E58100B9D459 /* Base */,
			);
			name = LaunchScreen.storyboard;
			path = ClockRadio;
			sourceTree = "<group>";
		};
/* End PBXVariantGroup section */

/* Begin XCBuildConfiguration section */
		E86C23EE1DC0EBD500E012C0 /* Debug */ = {
			isa = XCBuildConfiguration;
			baseConfigurationReference = 5F7D25D2462C5FBCB73A030B /* Pods-ClockRadioKIFUITests.debug.xcconfig */;
			buildSettings = {
				BUNDLE_LOADER = "$(TEST_HOST)";
				CLANG_WARN_DOCUMENTATION_COMMENTS = YES;
				CLANG_WARN_INFINITE_RECURSION = YES;
				CLANG_WARN_SUSPICIOUS_MOVES = YES;
				DEVELOPMENT_TEAM = "";
				INFOPLIST_FILE = ClockRadioKIFFUITests/Info.plist;
				IPHONEOS_DEPLOYMENT_TARGET = 10.0;
				LD_RUNPATH_SEARCH_PATHS = "$(inherited) @executable_path/Frameworks @loader_path/Frameworks";
				OTHER_LDFLAGS = (
					"-framework",
					IOKit,
					"-ObjC",
				);
				PRODUCT_BUNDLE_IDENTIFIER = de.tomterror.ClockRadioKIFFUITests;
				PRODUCT_NAME = "$(TARGET_NAME)";
				TEST_HOST = "$(BUILT_PRODUCTS_DIR)/ClockRadio.app/ClockRadio";
			};
			name = Debug;
		};
		E86C23EF1DC0EBD500E012C0 /* Release */ = {
			isa = XCBuildConfiguration;
			baseConfigurationReference = FAF6B2B34E39A36C9E21970F /* Pods-ClockRadioKIFUITests.release.xcconfig */;
			buildSettings = {
				BUNDLE_LOADER = "$(TEST_HOST)";
				CLANG_WARN_DOCUMENTATION_COMMENTS = YES;
				CLANG_WARN_INFINITE_RECURSION = YES;
				CLANG_WARN_SUSPICIOUS_MOVES = YES;
				DEVELOPMENT_TEAM = "";
				INFOPLIST_FILE = ClockRadioKIFFUITests/Info.plist;
				IPHONEOS_DEPLOYMENT_TARGET = 10.0;
				LD_RUNPATH_SEARCH_PATHS = "$(inherited) @executable_path/Frameworks @loader_path/Frameworks";
				OTHER_LDFLAGS = (
					"-framework",
					IOKit,
					"-ObjC",
				);
				PRODUCT_BUNDLE_IDENTIFIER = de.tomterror.ClockRadioKIFFUITests;
				PRODUCT_NAME = "$(TARGET_NAME)";
				TEST_HOST = "$(BUILT_PRODUCTS_DIR)/ClockRadio.app/ClockRadio";
			};
			name = Release;
		};
		E8D978FE1D12E58100B9D459 /* Debug */ = {
			isa = XCBuildConfiguration;
			buildSettings = {
				ALWAYS_SEARCH_USER_PATHS = NO;
				CLANG_ANALYZER_NONNULL = YES;
				CLANG_CXX_LANGUAGE_STANDARD = "gnu++0x";
				CLANG_CXX_LIBRARY = "libc++";
				CLANG_ENABLE_MODULES = YES;
				CLANG_ENABLE_OBJC_ARC = YES;
				CLANG_WARN_BOOL_CONVERSION = YES;
				CLANG_WARN_CONSTANT_CONVERSION = YES;
				CLANG_WARN_DIRECT_OBJC_ISA_USAGE = YES_ERROR;
				CLANG_WARN_EMPTY_BODY = YES;
				CLANG_WARN_ENUM_CONVERSION = YES;
				CLANG_WARN_INT_CONVERSION = YES;
				CLANG_WARN_OBJC_ROOT_CLASS = YES_ERROR;
				CLANG_WARN_UNREACHABLE_CODE = YES;
				CLANG_WARN__DUPLICATE_METHOD_MATCH = YES;
				"CODE_SIGN_IDENTITY[sdk=iphoneos*]" = "iPhone Developer";
				COPY_PHASE_STRIP = NO;
				DEBUG_INFORMATION_FORMAT = dwarf;
				ENABLE_STRICT_OBJC_MSGSEND = YES;
				ENABLE_TESTABILITY = YES;
				GCC_C_LANGUAGE_STANDARD = gnu99;
				GCC_DYNAMIC_NO_PIC = NO;
				GCC_NO_COMMON_BLOCKS = YES;
				GCC_OPTIMIZATION_LEVEL = 0;
				GCC_PREPROCESSOR_DEFINITIONS = (
					"DEBUG=1",
					"$(inherited)",
				);
				GCC_WARN_64_TO_32_BIT_CONVERSION = YES;
				GCC_WARN_ABOUT_RETURN_TYPE = YES_ERROR;
				GCC_WARN_UNDECLARED_SELECTOR = YES;
				GCC_WARN_UNINITIALIZED_AUTOS = YES_AGGRESSIVE;
				GCC_WARN_UNUSED_FUNCTION = YES;
				GCC_WARN_UNUSED_VARIABLE = YES;
				IPHONEOS_DEPLOYMENT_TARGET = 9.3;
				MTL_ENABLE_DEBUG_INFO = YES;
				ONLY_ACTIVE_ARCH = YES;
				SDKROOT = iphoneos;
			};
			name = Debug;
		};
		E8D978FF1D12E58100B9D459 /* Release */ = {
			isa = XCBuildConfiguration;
			buildSettings = {
				ALWAYS_SEARCH_USER_PATHS = NO;
				CLANG_ANALYZER_NONNULL = YES;
				CLANG_CXX_LANGUAGE_STANDARD = "gnu++0x";
				CLANG_CXX_LIBRARY = "libc++";
				CLANG_ENABLE_MODULES = YES;
				CLANG_ENABLE_OBJC_ARC = YES;
				CLANG_WARN_BOOL_CONVERSION = YES;
				CLANG_WARN_CONSTANT_CONVERSION = YES;
				CLANG_WARN_DIRECT_OBJC_ISA_USAGE = YES_ERROR;
				CLANG_WARN_EMPTY_BODY = YES;
				CLANG_WARN_ENUM_CONVERSION = YES;
				CLANG_WARN_INT_CONVERSION = YES;
				CLANG_WARN_OBJC_ROOT_CLASS = YES_ERROR;
				CLANG_WARN_UNREACHABLE_CODE = YES;
				CLANG_WARN__DUPLICATE_METHOD_MATCH = YES;
				"CODE_SIGN_IDENTITY[sdk=iphoneos*]" = "iPhone Developer";
				COPY_PHASE_STRIP = NO;
				DEBUG_INFORMATION_FORMAT = "dwarf-with-dsym";
				ENABLE_NS_ASSERTIONS = NO;
				ENABLE_STRICT_OBJC_MSGSEND = YES;
				GCC_C_LANGUAGE_STANDARD = gnu99;
				GCC_NO_COMMON_BLOCKS = YES;
				GCC_WARN_64_TO_32_BIT_CONVERSION = YES;
				GCC_WARN_ABOUT_RETURN_TYPE = YES_ERROR;
				GCC_WARN_UNDECLARED_SELECTOR = YES;
				GCC_WARN_UNINITIALIZED_AUTOS = YES_AGGRESSIVE;
				GCC_WARN_UNUSED_FUNCTION = YES;
				GCC_WARN_UNUSED_VARIABLE = YES;
				IPHONEOS_DEPLOYMENT_TARGET = 9.3;
				MTL_ENABLE_DEBUG_INFO = NO;
				SDKROOT = iphoneos;
				VALIDATE_PRODUCT = YES;
			};
			name = Release;
		};
		E8D979011D12E58100B9D459 /* Debug */ = {
			isa = XCBuildConfiguration;
			baseConfigurationReference = FF12F337E5F0F3D6E1DFEFE5 /* Pods-ClockRadio.debug.xcconfig */;
			buildSettings = {
				ASSETCATALOG_COMPILER_APPICON_NAME = AppIcon;
				CODE_SIGN_IDENTITY = "iPhone Developer";
				"CODE_SIGN_IDENTITY[sdk=iphoneos*]" = "iPhone Developer";
				DEVELOPMENT_TEAM = "";
				INFOPLIST_FILE = ClockRadio/Info.plist;
				LD_RUNPATH_SEARCH_PATHS = "$(inherited) @executable_path/Frameworks";
				PRODUCT_BUNDLE_IDENTIFIER = de.tomterror.ClockRadio;
				PRODUCT_NAME = "$(TARGET_NAME)";
				PROVISIONING_PROFILE = "";
			};
			name = Debug;
		};
		E8D979021D12E58100B9D459 /* Release */ = {
			isa = XCBuildConfiguration;
			baseConfigurationReference = F07D9C16FB774682437A31D6 /* Pods-ClockRadio.release.xcconfig */;
			buildSettings = {
				ASSETCATALOG_COMPILER_APPICON_NAME = AppIcon;
				CODE_SIGN_IDENTITY = "iPhone Developer";
				"CODE_SIGN_IDENTITY[sdk=iphoneos*]" = "iPhone Developer";
				DEVELOPMENT_TEAM = "";
				INFOPLIST_FILE = ClockRadio/Info.plist;
				LD_RUNPATH_SEARCH_PATHS = "$(inherited) @executable_path/Frameworks";
				PRODUCT_BUNDLE_IDENTIFIER = de.tomterror.ClockRadio;
				PRODUCT_NAME = "$(TARGET_NAME)";
				PROVISIONING_PROFILE = "";
			};
			name = Release;
		};
		E8D979041D12E58100B9D459 /* Debug */ = {
			isa = XCBuildConfiguration;
			baseConfigurationReference = EDA963E421F0FBFA0D7BA327 /* Pods-ClockRadioTests.debug.xcconfig */;
			buildSettings = {
				BUNDLE_LOADER = "$(TEST_HOST)";
				INFOPLIST_FILE = ClockRadioTests/Info.plist;
				LD_RUNPATH_SEARCH_PATHS = "$(inherited) @executable_path/Frameworks @loader_path/Frameworks";
				PRODUCT_BUNDLE_IDENTIFIER = de.tomterror.ClockRadioTests;
				PRODUCT_NAME = "$(TARGET_NAME)";
				TEST_HOST = "$(BUILT_PRODUCTS_DIR)/ClockRadio.app/ClockRadio";
			};
			name = Debug;
		};
		E8D979051D12E58100B9D459 /* Release */ = {
			isa = XCBuildConfiguration;
			baseConfigurationReference = F43B45B00E48EE764C5E3601 /* Pods-ClockRadioTests.release.xcconfig */;
			buildSettings = {
				BUNDLE_LOADER = "$(TEST_HOST)";
				INFOPLIST_FILE = ClockRadioTests/Info.plist;
				LD_RUNPATH_SEARCH_PATHS = "$(inherited) @executable_path/Frameworks @loader_path/Frameworks";
				PRODUCT_BUNDLE_IDENTIFIER = de.tomterror.ClockRadioTests;
				PRODUCT_NAME = "$(TARGET_NAME)";
				TEST_HOST = "$(BUILT_PRODUCTS_DIR)/ClockRadio.app/ClockRadio";
			};
			name = Release;
		};
/* End XCBuildConfiguration section */

/* Begin XCConfigurationList section */
		E86C23ED1DC0EBD500E012C0 /* Build configuration list for PBXNativeTarget "ClockRadioKIFUITests" */ = {
			isa = XCConfigurationList;
			buildConfigurations = (
				E86C23EE1DC0EBD500E012C0 /* Debug */,
				E86C23EF1DC0EBD500E012C0 /* Release */,
			);
			defaultConfigurationIsVisible = 0;
			defaultConfigurationName = Release;
		};
		E8D978CE1D12E58100B9D459 /* Build configuration list for PBXProject "ClockRadio" */ = {
			isa = XCConfigurationList;
			buildConfigurations = (
				E8D978FE1D12E58100B9D459 /* Debug */,
				E8D978FF1D12E58100B9D459 /* Release */,
			);
			defaultConfigurationIsVisible = 0;
			defaultConfigurationName = Release;
		};
		E8D979001D12E58100B9D459 /* Build configuration list for PBXNativeTarget "ClockRadio" */ = {
			isa = XCConfigurationList;
			buildConfigurations = (
				E8D979011D12E58100B9D459 /* Debug */,
				E8D979021D12E58100B9D459 /* Release */,
			);
			defaultConfigurationIsVisible = 0;
			defaultConfigurationName = Release;
		};
		E8D979031D12E58100B9D459 /* Build configuration list for PBXNativeTarget "ClockRadioTests" */ = {
			isa = XCConfigurationList;
			buildConfigurations = (
				E8D979041D12E58100B9D459 /* Debug */,
				E8D979051D12E58100B9D459 /* Release */,
			);
			defaultConfigurationIsVisible = 0;
			defaultConfigurationName = Release;
		};
/* End XCConfigurationList section */
	};
	rootObject = E8D978CB1D12E58100B9D459 /* Project object */;
}
